{
  "version": 2,
  "dependencies": {
    "net10.0": {
      "Lumoin.Base": {
        "type": "Direct",
        "requested": "[0.0.10, )",
        "resolved": "0.0.10",
        "contentHash": "VVbu2kcXsnW9Ia0CWpiJ/P5gUJfzwDhUgdIeVNiDbpNdasJeA/z5IHbOtxq+iAYoIra8IhEkYANi/FL7ZWSUFw=="
      },
      "Microsoft.CodeAnalysis.BannedApiAnalyzers": {
        "type": "Direct",
        "requested": "[5.6.0, )",
        "resolved": "5.6.0",
        "contentHash": "Kcobt3pnOdO0A+6CKiMHZdTEluJpsfxiV20axtZdmfBQnDmiWTKPJADlgAfdTuKNAnVarrkJa0UEGwuOo91muw=="
      },
      "Microsoft.NET.ILLink.Tasks": {
        "type": "Direct",
        "requested": "[10.0.11, )",
        "resolved": "10.0.11",
        "contentHash": "IBf7lbovvjGWVWXZX5cJ/cO0WXbId0Zq4BuSeT94mGZuOAP66oMeH9PTBZ9Jpp3Jb6jtK0qm/NyUbPRo1gC/wQ=="
      },
      "Microsoft.Sbom.Targets": {
        "type": "Direct",
        "requested": "[4.1.5, )",
        "resolved": "4.1.5",
        "contentHash": "i5z+cNu/cOcdO0AgFB8aXk8w6In2H+haaDfSgd9ImvQIK+rSHavHZIogVoAZLL8jLwYx4bAcs5b7EyuMMG4mQQ=="
      },
      "verifiable.cryptography": {
        "type": "Project",
        "dependencies": {
          "Lumoin.Base": "[0.0.10, )",
          "Verifiable.Foundation": "[0.0.0, )"
        }
      },
      "verifiable.foundation": {
        "type": "Project",
        "dependencies": {
          "Lumoin.Base": "[0.0.10, )"
        }
      }
    }
  }
}