{
  "version": 2,
  "dependencies": {
    "net10.0": {
      "Lumoin.Veridical.Backends.Managed": {
        "type": "Direct",
        "requested": "[0.0.6, )",
        "resolved": "0.0.6",
        "contentHash": "jo99EmfycWmiPrxqkcOS/O1pbFzG+ryNV/bxCZsxPzXJuMgsOyvNNcasNeOvy4ZIES/Wn8P2jUm7DavrXq2QCQ==",
        "dependencies": {
          "Lumoin.Base": "0.0.9",
          "Lumoin.Veridical.Core": "0.0.6",
          "Lumoin.Veridical.Hashing": "0.0.6"
        }
      },
      "Lumoin.Veridical.Bbs": {
        "type": "Direct",
        "requested": "[0.0.6, )",
        "resolved": "0.0.6",
        "contentHash": "8DQfUslct+Rc0fr06GtlSNM9XcpC3ddBIRHa5AlSvj4nrUIU4FSWTr9P1FBH+6GauKSv8qXPUaHNG2Gc41bxEg==",
        "dependencies": {
          "Lumoin.Base": "0.0.9",
          "Lumoin.Veridical.Core": "0.0.6"
        }
      },
      "Microsoft.CodeAnalysis.BannedApiAnalyzers": {
        "type": "Direct",
        "requested": "[5.6.0, )",
        "resolved": "5.6.0",
        "contentHash": "Kcobt3pnOdO0A+6CKiMHZdTEluJpsfxiV20axtZdmfBQnDmiWTKPJADlgAfdTuKNAnVarrkJa0UEGwuOo91muw=="
      },
      "Microsoft.NET.ILLink.Tasks": {
        "type": "Direct",
        "requested": "[10.0.11, )",
        "resolved": "10.0.11",
        "contentHash": "IBf7lbovvjGWVWXZX5cJ/cO0WXbId0Zq4BuSeT94mGZuOAP66oMeH9PTBZ9Jpp3Jb6jtK0qm/NyUbPRo1gC/wQ=="
      },
      "Microsoft.Sbom.Targets": {
        "type": "Direct",
        "requested": "[4.1.5, )",
        "resolved": "4.1.5",
        "contentHash": "i5z+cNu/cOcdO0AgFB8aXk8w6In2H+haaDfSgd9ImvQIK+rSHavHZIogVoAZLL8jLwYx4bAcs5b7EyuMMG4mQQ=="
      },
      "verifiable.cryptography": {
        "type": "Project",
        "dependencies": {
          "Lumoin.Base": "[0.0.10, )",
          "Verifiable.Foundation": "[0.0.0, )"
        }
      },
      "verifiable.foundation": {
        "type": "Project",
        "dependencies": {
          "Lumoin.Base": "[0.0.10, )"
        }
      },
      "verifiable.jcose": {
        "type": "Project",
        "dependencies": {
          "Verifiable.Cryptography": "[0.0.0, )",
          "Verifiable.Foundation": "[0.0.0, )"
        }
      },
      "verifiable.jsonpointer": {
        "type": "Project"
      },
      "Lumoin.Base": {
        "type": "CentralTransitive",
        "requested": "[0.0.10, )",
        "resolved": "0.0.10",
        "contentHash": "VVbu2kcXsnW9Ia0CWpiJ/P5gUJfzwDhUgdIeVNiDbpNdasJeA/z5IHbOtxq+iAYoIra8IhEkYANi/FL7ZWSUFw=="
      },
      "Lumoin.Veridical.Core": {
        "type": "CentralTransitive",
        "requested": "[0.0.6, )",
        "resolved": "0.0.6",
        "contentHash": "g/GHvZtXIxFQdZd7uWZzC5ARnPmKq2PF+X9ho1rI6TEcm/gTJ52aqoD7I+uNRq+wAnKRAxCTR/rkqy4jWYQP5A==",
        "dependencies": {
          "Lumoin.Base": "0.0.9"
        }
      },
      "Lumoin.Veridical.Hashing": {
        "type": "CentralTransitive",
        "requested": "[0.0.6, )",
        "resolved": "0.0.6",
        "contentHash": "X5O9PQ0GqX78ibcgcellxPIem5C+rESJu1zv9lu0vg4dZhluOBgYNV8Hdxg1Hym6LRvqqxGMiphs1K4gIDH6mA==",
        "dependencies": {
          "Lumoin.Base": "0.0.9",
          "Lumoin.Veridical.Core": "0.0.6"
        }
      }
    }
  }
}