{
  "version": 2,
  "dependencies": {
    "net9.0": {
      "SIL.ReleaseTasks": {
        "type": "Direct",
        "requested": "[2.6.0-beta0030, )",
        "resolved": "2.6.0-beta0030",
        "contentHash": "iytkRVZ7tEBY00kzB55Qs0/TyfYBJ0GyvRnDPKw2AfakBWrBBTkTCdBSAGmCFoL4Wf6asRFOrenRJ6VGGhCuUQ==",
        "dependencies": {
          "Markdig.Signed": "0.30.2"
        }
      },
      "System.Security.Cryptography.ProtectedData": {
        "type": "Direct",
        "requested": "[9.0.0-rc.2.24473.5, )",
        "resolved": "9.0.0-rc.2.24473.5",
        "contentHash": "WmEKZcNdOoUSEVQVTs8LsD0WdnliOij0G4s9ljfVTFekI82JWk3WfvlpFzDsc7sXO12w/ckXrkaaRkiUBT8Gyw=="
      },
      "Markdig.Signed": {
        "type": "Transitive",
        "resolved": "0.30.2",
        "contentHash": "nQlUtPbp9pQFoArFSp/CZb699W6pqBG/DSpnWHgKbIuQjAu3KNjTZHaIir2vSCPJZuSMGii7tbI6K+nalh4X7w=="
      },
      "System.Memory": {
        "type": "Transitive",
        "resolved": "4.5.5",
        "contentHash": "XIWiDvKPXaTveaB7HVganDlOCRoj03l+jrwNvcge/t8vhGYKvqV+dMv6G4SAX2NoNmN0wZfVPTAlFwZcZvVOUw=="
      },
      "verifiable.core": {
        "type": "Project",
        "dependencies": {
          "SimpleBase": "[4.0.2, )",
          "System.Collections.Immutable": "[9.0.0-rc.2.24473.5, )",
          "System.Text.Json": "[9.0.0-rc.2.24473.5, )",
          "Verifiable.Jwt": "[0.0.0, )"
        }
      },
      "verifiable.jwt": {
        "type": "Project"
      },
      "SimpleBase": {
        "type": "CentralTransitive",
        "requested": "[4.0.2, )",
        "resolved": "4.0.2",
        "contentHash": "sNKHP2Qzy4DafamgH44UGg1YeyHFT08AMgHPraxYt4CVBoHHYD5f0MjbBfdmtGca69xikPU5aV8H+MMP7ZnfIg==",
        "dependencies": {
          "System.Memory": "4.5.5"
        }
      },
      "System.Collections.Immutable": {
        "type": "CentralTransitive",
        "requested": "[9.0.0-rc.2.24473.5, )",
        "resolved": "9.0.0-rc.2.24473.5",
        "contentHash": "03KbZJuPX2uYx03Ui0d6Tdk2dBw8Kt+BeaK/p8jbKundqAt/XKuORf7zTuAIolcLV+OZrTalYEOhMTLAX3QL2g=="
      },
      "System.Text.Json": {
        "type": "CentralTransitive",
        "requested": "[9.0.0-rc.2.24473.5, )",
        "resolved": "9.0.0-rc.2.24473.5",
        "contentHash": "IsQCD+zBcFhteX7fUrS4cU/GvfLPy8F4oLtC9VBcF1U1qu1gZB/zlAxW8G0kqmAiXI84/gowZtcX1MjLk2QWoQ=="
      }
    }
  }
}