
Microsoft Visual Studio Solution File, Format Version 12.00
# Visual Studio Version 16
VisualStudioVersion = 16.0.29215.179
MinimumVisualStudioVersion = 10.0.40219.1
Project("{2150E333-8FDC-42A3-9474-1A3956D46DE8}") = "Solution Items", "Solution Items", "{35CAB8A9-7332-4D46-BBD3-83A37A747F5E}"
	ProjectSection(SolutionItems) = preProject
		.editorconfig = .editorconfig
		.gitattributes = .gitattributes
		.gitignore = .gitignore
		Directory.build.props = Directory.build.props
		LICENSE = LICENSE
		README.md = README.md
	EndProjectSection
EndProject
Project("{9A19103F-16F7-4668-BE54-9A1E7A4F7556}") = "DotDecentralized.Core", "src\DotDecentralized.Core\DotDecentralized.Core.csproj", "{C22DC77B-093B-4B64-858E-02A3142DDFF9}"
EndProject
Project("{9A19103F-16F7-4668-BE54-9A1E7A4F7556}") = "DotDecentralized.Tests", "test\DotDecentralized.Tests\DotDecentralized.Tests.csproj", "{5C79FF8A-54D3-4443-A8D2-3CA5ACEA0D23}"
EndProject
Project("{9A19103F-16F7-4668-BE54-9A1E7A4F7556}") = "DotDecentralized.BouncyCastle", "src\DotDecentralized.BouncyCastle\DotDecentralized.BouncyCastle.csproj", "{5F50E8E9-8DB3-48E5-A9AF-1D9A76EB586A}"
EndProject
Project("{9A19103F-16F7-4668-BE54-9A1E7A4F7556}") = "DotDecentralized.Console", "src\DotDecentralized.Console\DotDecentralized.Console.csproj", "{737FCB5B-1325-4C24-BE05-4B821A795B51}"
EndProject
Project("{9A19103F-16F7-4668-BE54-9A1E7A4F7556}") = "Sidetree", "src\SideTree\Sidetree.csproj", "{EC02D871-F22A-4D28-94C8-9A815709AE3B}"
EndProject
Project("{9A19103F-16F7-4668-BE54-9A1E7A4F7556}") = "DotDecentralized.NSec", "src\DotDecentralized.NSec\DotDecentralized.NSec.csproj", "{EE904653-2EDF-4115-B603-D4B6188634B2}"
EndProject
Project("{FAE04EC0-301F-11D3-BF4B-00C04F79EFBC}") = "DotDecentralized.Security.Windows", "src\DotDecentralized.Security.Windows\DotDecentralized.Security.Windows.csproj", "{4A0D81AF-06F7-4177-A8C9-EE74D41F8B3E}"
EndProject
Global
	GlobalSection(SolutionConfigurationPlatforms) = preSolution
		Debug|Any CPU = Debug|Any CPU
		Release|Any CPU = Release|Any CPU
	EndGlobalSection
	GlobalSection(ProjectConfigurationPlatforms) = postSolution
		{C22DC77B-093B-4B64-858E-02A3142DDFF9}.Debug|Any CPU.ActiveCfg = Debug|Any CPU
		{C22DC77B-093B-4B64-858E-02A3142DDFF9}.Debug|Any CPU.Build.0 = Debug|Any CPU
		{C22DC77B-093B-4B64-858E-02A3142DDFF9}.Release|Any CPU.ActiveCfg = Release|Any CPU
		{C22DC77B-093B-4B64-858E-02A3142DDFF9}.Release|Any CPU.Build.0 = Release|Any CPU
		{5C79FF8A-54D3-4443-A8D2-3CA5ACEA0D23}.Debug|Any CPU.ActiveCfg = Debug|Any CPU
		{5C79FF8A-54D3-4443-A8D2-3CA5ACEA0D23}.Debug|Any CPU.Build.0 = Debug|Any CPU
		{5C79FF8A-54D3-4443-A8D2-3CA5ACEA0D23}.Release|Any CPU.ActiveCfg = Release|Any CPU
		{5C79FF8A-54D3-4443-A8D2-3CA5ACEA0D23}.Release|Any CPU.Build.0 = Release|Any CPU
		{5F50E8E9-8DB3-48E5-A9AF-1D9A76EB586A}.Debug|Any CPU.ActiveCfg = Debug|Any CPU
		{5F50E8E9-8DB3-48E5-A9AF-1D9A76EB586A}.Debug|Any CPU.Build.0 = Debug|Any CPU
		{5F50E8E9-8DB3-48E5-A9AF-1D9A76EB586A}.Release|Any CPU.ActiveCfg = Release|Any CPU
		{5F50E8E9-8DB3-48E5-A9AF-1D9A76EB586A}.Release|Any CPU.Build.0 = Release|Any CPU
		{737FCB5B-1325-4C24-BE05-4B821A795B51}.Debug|Any CPU.ActiveCfg = Debug|Any CPU
		{737FCB5B-1325-4C24-BE05-4B821A795B51}.Debug|Any CPU.Build.0 = Debug|Any CPU
		{737FCB5B-1325-4C24-BE05-4B821A795B51}.Release|Any CPU.ActiveCfg = Release|Any CPU
		{737FCB5B-1325-4C24-BE05-4B821A795B51}.Release|Any CPU.Build.0 = Release|Any CPU
		{EC02D871-F22A-4D28-94C8-9A815709AE3B}.Debug|Any CPU.ActiveCfg = Debug|Any CPU
		{EC02D871-F22A-4D28-94C8-9A815709AE3B}.Debug|Any CPU.Build.0 = Debug|Any CPU
		{EC02D871-F22A-4D28-94C8-9A815709AE3B}.Release|Any CPU.ActiveCfg = Release|Any CPU
		{EC02D871-F22A-4D28-94C8-9A815709AE3B}.Release|Any CPU.Build.0 = Release|Any CPU
		{EE904653-2EDF-4115-B603-D4B6188634B2}.Debug|Any CPU.ActiveCfg = Debug|Any CPU
		{EE904653-2EDF-4115-B603-D4B6188634B2}.Debug|Any CPU.Build.0 = Debug|Any CPU
		{EE904653-2EDF-4115-B603-D4B6188634B2}.Release|Any CPU.ActiveCfg = Release|Any CPU
		{EE904653-2EDF-4115-B603-D4B6188634B2}.Release|Any CPU.Build.0 = Release|Any CPU
		{4A0D81AF-06F7-4177-A8C9-EE74D41F8B3E}.Debug|Any CPU.ActiveCfg = Debug|Any CPU
		{4A0D81AF-06F7-4177-A8C9-EE74D41F8B3E}.Debug|Any CPU.Build.0 = Debug|Any CPU
		{4A0D81AF-06F7-4177-A8C9-EE74D41F8B3E}.Release|Any CPU.ActiveCfg = Release|Any CPU
		{4A0D81AF-06F7-4177-A8C9-EE74D41F8B3E}.Release|Any CPU.Build.0 = Release|Any CPU
	EndGlobalSection
	GlobalSection(SolutionProperties) = preSolution
		HideSolutionNode = FALSE
	EndGlobalSection
	GlobalSection(ExtensibilityGlobals) = postSolution
		SolutionGuid = {B3AC63DE-C110-4924-B7DB-FFAC4704246F}
	EndGlobalSection
EndGlobal
