{
  "version": 1,
  "dependencies": {
    ".NETCoreApp,Version=v5.0": {
      "Microsoft.SourceLink.GitHub": {
        "type": "Direct",
        "requested": "[1.0.0, )",
        "resolved": "1.0.0",
        "contentHash": "aZyGyGg2nFSxix+xMkPmlmZSsnGQ3w+mIG23LTxJZHN+GPwTQ5FpPgDo7RMOq+Kcf5D4hFWfXkGhoGstawX13Q==",
        "dependencies": {
          "Microsoft.Build.Tasks.Git": "1.0.0",
          "Microsoft.SourceLink.Common": "1.0.0"
        }
      },
      "Spectre.Console": {
        "type": "Direct",
        "requested": "[0.41.0, )",
        "resolved": "0.41.0",
        "contentHash": "lHNIjQ2INytX8YkMQYzBVGhQAtVeJe5neClsuF8L9q8rbv0cRTkizrlgTtWpGYZq01fy1KKHATxId7uxejiK3Q==",
        "dependencies": {
          "Wcwidth": "0.2.0"
        }
      },
      "Microsoft.Build.Tasks.Git": {
        "type": "Transitive",
        "resolved": "1.0.0",
        "contentHash": "z2fpmmt+1Jfl+ZnBki9nSP08S1/tbEOxFdsK1rSR+LBehIJz1Xv9/6qOOoGNqlwnAGGVGis1Oj6S8Kt9COEYlQ=="
      },
      "Microsoft.SourceLink.Common": {
        "type": "Transitive",
        "resolved": "1.0.0",
        "contentHash": "G8DuQY8/DK5NN+3jm5wcMcd9QYD90UV7MiLmdljSJixi3U/vNaeBKmmXUqI4DJCOeWizIUEh4ALhSt58mR+5eg=="
      },
      "Wcwidth": {
        "type": "Transitive",
        "resolved": "0.2.0",
        "contentHash": "H7no2W0vuLJTvSPanlrijtG3UdJNVoeWBOp2a5dJFVa2tqSQuP5GfbJw1xAtPG9agRW310nFTUUsyPz5tuVIxw=="
      }
    }
  }
}