{
  "version": 2,
  "dependencies": {
    "net10.0": {
      "Microsoft.Sbom.Targets": {
        "type": "Direct",
        "requested": "[3.1.0, )",
        "resolved": "3.1.0",
        "contentHash": "DIQsbVmWlIls255FP+20Lm5dhXiMXM/i4dWh+7Gnt0qnrTBNjR1nh1Ulm7JJVB2tTOI7DjIiDFBF2xn6FR9MJQ=="
      },
      "NSec.Cryptography": {
        "type": "Direct",
        "requested": "[24.4.0, )",
        "resolved": "24.4.0",
        "contentHash": "R89OF0T5OY9QnPRoTsMCaPKMqtXcWKZSWAO4zyUaFHI+ZRMgXU7WaIwg/rPP3vOfdaLl8HdUHWkDB+2B9FOO7g==",
        "dependencies": {
          "libsodium": "[1.0.19, 1.0.20)"
        }
      },
      "SIL.ReleaseTasks": {
        "type": "Direct",
        "requested": "[3.1.1, )",
        "resolved": "3.1.1",
        "contentHash": "BWULTEG3k1wMABRXYEBT7UfhrjJwgBLEkcYjNTa3CnmpUE+QCtoeW8WytbvIQNJHkvg0uggl1goWFXe6w6jcAA==",
        "dependencies": {
          "Markdig.Signed": "0.37.0"
        }
      },
      "libsodium": {
        "type": "Transitive",
        "resolved": "1.0.19",
        "contentHash": "tupm/HViwBN6Knd/gckR+cLaJGR39GLmiU4iDMM5hp/1BoczMr8fwJhSU+3/C2V4hi9nBK/4FICRKtTLU30TCA=="
      },
      "Markdig.Signed": {
        "type": "Transitive",
        "resolved": "0.37.0",
        "contentHash": "J7Mt1QjKijE7aAK81u5nt4SYPYEvt1odfr4ddMvyOscyNT3PoGfHKKTBB5VBSXJrWZWhfJlcG7hHBLiqawg+nw=="
      },
      "verifiable.core": {
        "type": "Project",
        "dependencies": {
          "SimpleBase": "[4.0.2, )",
          "Verifiable.Jwt": "[0.0.0, )"
        }
      },
      "verifiable.jwt": {
        "type": "Project"
      },
      "SimpleBase": {
        "type": "CentralTransitive",
        "requested": "[4.0.2, )",
        "resolved": "4.0.2",
        "contentHash": "sNKHP2Qzy4DafamgH44UGg1YeyHFT08AMgHPraxYt4CVBoHHYD5f0MjbBfdmtGca69xikPU5aV8H+MMP7ZnfIg=="
      }
    }
  }
}