{
  "version": 2,
  "dependencies": {
    "net9.0": {
      "SharpFuzz": {
        "type": "Direct",
        "requested": "[2.1.1, )",
        "resolved": "2.1.1",
        "contentHash": "Xw5nP8CSxa6eK0gTaI2xbKhfP7VyQDdLYsfFBV6QeT9xyOzJ0a1Z3rJrmu3FTMl4DaRoMpBjFHppH+75QccddA==",
        "dependencies": {
          "SharpFuzz.Common": "2.2.0",
          "System.Memory": "4.5.5",
          "dnlib": "3.6.0"
        }
      },
      "SIL.ReleaseTasks": {
        "type": "Direct",
        "requested": "[2.6.0-beta0030, )",
        "resolved": "2.6.0-beta0030",
        "contentHash": "iytkRVZ7tEBY00kzB55Qs0/TyfYBJ0GyvRnDPKw2AfakBWrBBTkTCdBSAGmCFoL4Wf6asRFOrenRJ6VGGhCuUQ==",
        "dependencies": {
          "Markdig.Signed": "0.30.2"
        }
      },
      "dnlib": {
        "type": "Transitive",
        "resolved": "3.6.0",
        "contentHash": "kFegKA+GR8a2mEzYH02TueIF1nNQ5lULAd9hgNwt6VBY2qNNZDYSwr63tMpKN0Lg+goDaZnaZczmP0/pDz2gaA==",
        "dependencies": {
          "System.Reflection.Emit": "4.7.0",
          "System.Reflection.Emit.Lightweight": "4.7.0"
        }
      },
      "Markdig.Signed": {
        "type": "Transitive",
        "resolved": "0.30.2",
        "contentHash": "nQlUtPbp9pQFoArFSp/CZb699W6pqBG/DSpnWHgKbIuQjAu3KNjTZHaIir2vSCPJZuSMGii7tbI6K+nalh4X7w=="
      },
      "SharpFuzz.Common": {
        "type": "Transitive",
        "resolved": "2.2.0",
        "contentHash": "biITWpwnMR7HUp43lAGU97DWq/4LfyXqqhuOK0Z4IuRP97KjQMOe/GKq3wE1KY21gNrc7OPO9HbAtQUvMKTImA=="
      },
      "System.Memory": {
        "type": "Transitive",
        "resolved": "4.5.5",
        "contentHash": "XIWiDvKPXaTveaB7HVganDlOCRoj03l+jrwNvcge/t8vhGYKvqV+dMv6G4SAX2NoNmN0wZfVPTAlFwZcZvVOUw=="
      },
      "System.Reflection.Emit": {
        "type": "Transitive",
        "resolved": "4.7.0",
        "contentHash": "VR4kk8XLKebQ4MZuKuIni/7oh+QGFmZW3qORd1GvBq/8026OpW501SzT/oypwiQl4TvT8ErnReh/NzY9u+C6wQ=="
      },
      "System.Reflection.Emit.Lightweight": {
        "type": "Transitive",
        "resolved": "4.7.0",
        "contentHash": "a4OLB4IITxAXJeV74MDx49Oq2+PsF6Sml54XAFv+2RyWwtDBcabzoxiiJRhdhx+gaohLh4hEGCLQyBozXoQPqA=="
      }
    }
  }
}