{
  "version": 2,
  "dependencies": {
    "net10.0": {
      "CsCheck": {
        "type": "Direct",
        "requested": "[4.6.2, )",
        "resolved": "4.6.2",
        "contentHash": "RKA+vIMK6Duhf85pCXbvNz/bhzBuLc3HlCk1KE50qUl7zMyTrFJlpGNBQa6fsGVDbk8ZP+barhRBbSkE4WFU8Q=="
      },
      "dotNetRdf": {
        "type": "Direct",
        "requested": "[3.5.1, )",
        "resolved": "3.5.1",
        "contentHash": "DZA9h0hsyrgqOF44aEPhtI2eXj4a7uC6b0iFY3Y0EldvZ+cU3UKH8OpjK2NbuTvvCJZdwr3cXeVWVOAOlNIGCQ==",
        "dependencies": {
          "dotNetRdf.Client": "3.5.1",
          "dotNetRdf.Core": "3.5.1",
          "dotNetRdf.Data.DataTables": "3.5.1",
          "dotNetRdf.Dynamic": "3.5.1",
          "dotNetRdf.Inferencing": "3.5.1",
          "dotNetRdf.Ldf": "3.5.1",
          "dotNetRdf.Ontology": "3.5.1",
          "dotNetRdf.Query.FullText": "3.5.1",
          "dotNetRdf.Query.Spin": "3.5.1",
          "dotNetRdf.Shacl": "3.5.1",
          "dotNetRdf.Skos": "3.5.1",
          "dotNetRdf.Writing.HtmlSchema": "3.5.1"
        }
      },
      "LiquidTestReports.Markdown": {
        "type": "Direct",
        "requested": "[1.4.3-beta, )",
        "resolved": "1.4.3-beta",
        "contentHash": "k45yRvPJnka1tjaTSypMgRmRKYIix2xN/UrQGZwRsxy/dW/tvT5mo9MfiveUYD19kgHNE5vKAVSi/YcBixCbmg==",
        "dependencies": {
          "LiquidTestReports.Core": "1.4.3-beta",
          "Microsoft.TestPlatform.ObjectModel": "16.9.1"
        }
      },
      "Microsoft.CodeAnalysis.BannedApiAnalyzers": {
        "type": "Direct",
        "requested": "[3.12.0-beta1.25218.8, )",
        "resolved": "3.12.0-beta1.25218.8",
        "contentHash": "Hl/CiTNuFm43+DdMDpmm9lSFnlwISwtgGKmByWdwZoGgtJfefKP6fPwnmOVsW/s42ahOEhPpIYFlZJ2+AqeJEQ=="
      },
      "Microsoft.Extensions.Caching.Memory": {
        "type": "Direct",
        "requested": "[10.0.6, )",
        "resolved": "10.0.6",
        "contentHash": "5godKXBBsObgl/dBQKgrFeHFd6vVVOMGK3TuKLPNlwJgabFKl5vISSHLw5hWUtd+zKcl/Llmw25dsGlySxXJJg==",
        "dependencies": {
          "Microsoft.Extensions.Caching.Abstractions": "10.0.6",
          "Microsoft.Extensions.DependencyInjection.Abstractions": "10.0.6",
          "Microsoft.Extensions.Logging.Abstractions": "10.0.6",
          "Microsoft.Extensions.Options": "10.0.6",
          "Microsoft.Extensions.Primitives": "10.0.6"
        }
      },
      "Microsoft.Extensions.Hosting": {
        "type": "Direct",
        "requested": "[10.0.6, )",
        "resolved": "10.0.6",
        "contentHash": "ygrWasQx4OgbUfJpA2PQHon+c5yQWSoIpG2+f2uyEGs8ciTRoyn+Ne12e9zp6VZ2GNNb8CnUoxq1ika66tjVCA==",
        "dependencies": {
          "Microsoft.Extensions.Configuration": "10.0.6",
          "Microsoft.Extensions.Configuration.Abstractions": "10.0.6",
          "Microsoft.Extensions.Configuration.Binder": "10.0.6",
          "Microsoft.Extensions.Configuration.CommandLine": "10.0.6",
          "Microsoft.Extensions.Configuration.EnvironmentVariables": "10.0.6",
          "Microsoft.Extensions.Configuration.FileExtensions": "10.0.6",
          "Microsoft.Extensions.Configuration.Json": "10.0.6",
          "Microsoft.Extensions.Configuration.UserSecrets": "10.0.6",
          "Microsoft.Extensions.DependencyInjection": "10.0.6",
          "Microsoft.Extensions.DependencyInjection.Abstractions": "10.0.6",
          "Microsoft.Extensions.Diagnostics": "10.0.6",
          "Microsoft.Extensions.FileProviders.Abstractions": "10.0.6",
          "Microsoft.Extensions.FileProviders.Physical": "10.0.6",
          "Microsoft.Extensions.Hosting.Abstractions": "10.0.6",
          "Microsoft.Extensions.Logging": "10.0.6",
          "Microsoft.Extensions.Logging.Abstractions": "10.0.6",
          "Microsoft.Extensions.Logging.Configuration": "10.0.6",
          "Microsoft.Extensions.Logging.Console": "10.0.6",
          "Microsoft.Extensions.Logging.Debug": "10.0.6",
          "Microsoft.Extensions.Logging.EventLog": "10.0.6",
          "Microsoft.Extensions.Logging.EventSource": "10.0.6",
          "Microsoft.Extensions.Options": "10.0.6"
        }
      },
      "Microsoft.Extensions.TimeProvider.Testing": {
        "type": "Direct",
        "requested": "[10.5.0, )",
        "resolved": "10.5.0",
        "contentHash": "BW6DXn0oZWfoEN9cb+3PcM2IBHqcTnsO+UqEhW+uzdEuZSY3C9i9ITKoLiYbS8JwWm6daTpa4kRikUwr3KD+qQ=="
      },
      "Microsoft.IdentityModel.Tokens": {
        "type": "Direct",
        "requested": "[8.17.0, )",
        "resolved": "8.17.0",
        "contentHash": "teaW35URIV2x78Tzk+dVJiC4M62/9mQoSEoDjDGoEZmcQa3H2rE+XQpm9Tmdo9KK1Lcrnve4zoyLavl69kCFGg==",
        "dependencies": {
          "Microsoft.Extensions.Logging.Abstractions": "8.0.0",
          "Microsoft.IdentityModel.Logging": "8.17.0"
        }
      },
      "Microsoft.NET.ILLink.Tasks": {
        "type": "Direct",
        "requested": "[10.0.7, )",
        "resolved": "10.0.7",
        "contentHash": "AA/yhzFHNtQZXLdqjzujPy25G8EWwGWsAnxOE2zYSBoT/8QHP6ketN3CToD3DFreO653ipUwnKHo22B8AlBMCw=="
      },
      "Microsoft.Reactive.Testing": {
        "type": "Direct",
        "requested": "[6.1.0, )",
        "resolved": "6.1.0",
        "contentHash": "1KLmcpM299ZSA8ZjCbXApM/TVeaJJGZZz8nEJ8SWszf/JYcPqhzeg5s2rhCBIWuSoBaga3lny4EATs4fi/ME5A==",
        "dependencies": {
          "System.Reactive": "6.1.0"
        }
      },
      "Microsoft.Sbom.Targets": {
        "type": "Direct",
        "requested": "[4.1.5, )",
        "resolved": "4.1.5",
        "contentHash": "i5z+cNu/cOcdO0AgFB8aXk8w6In2H+haaDfSgd9ImvQIK+rSHavHZIogVoAZLL8jLwYx4bAcs5b7EyuMMG4mQQ=="
      },
      "Microsoft.Testing.Extensions.AzureDevOpsReport": {
        "type": "Direct",
        "requested": "[2.2.1, )",
        "resolved": "2.2.1",
        "contentHash": "/8C3GUUFqJx9bDGVGn7WuCrsP1dsFW0lA/NcyFg3i2t1SoyIvfpjI4RKY0IzbyeQufKFIRoa6r9eFfELKxm84g==",
        "dependencies": {
          "Microsoft.Testing.Platform": "2.2.1"
        }
      },
      "Microsoft.Testing.Extensions.CodeCoverage": {
        "type": "Direct",
        "requested": "[18.5.2, )",
        "resolved": "18.5.2",
        "contentHash": "UNcGLx9pVtlXF8MPDR8KDp+/OKKNIJjpzwRyZSt609TSGvaD8mtuQMb5GKZvhMucPp0a5Juvn3kxXDceQZWmAg==",
        "dependencies": {
          "Microsoft.DiaSymReader": "2.2.3",
          "Microsoft.Extensions.DependencyModel": "8.0.2",
          "Microsoft.Testing.Platform": "2.1.0"
        }
      },
      "Microsoft.Testing.Extensions.CrashDump": {
        "type": "Direct",
        "requested": "[2.2.1, )",
        "resolved": "2.2.1",
        "contentHash": "R2VJMMLqra1Gbqbdtjpq/fABYRk8WhKnNacnRvfx4y49thzWUUdkuIwvgXZPczlirhl2GgCKk7TLCo2L/pGLRw==",
        "dependencies": {
          "Microsoft.Testing.Extensions.TrxReport.Abstractions": "2.2.1",
          "Microsoft.Testing.Platform": "2.2.1"
        }
      },
      "Microsoft.Testing.Extensions.Fakes": {
        "type": "Direct",
        "requested": "[18.1.1, )",
        "resolved": "18.1.1",
        "contentHash": "fSKTWESZz6X77hgi711WM07P1QTRDaH0NJwe9Uf77pXNpDEOsGTlFvaXNnbDbBwVWdfAkcyPaxUvQK5kwwQudw==",
        "dependencies": {
          "Microsoft.QualityTools.Testing.Fakes": "18.1.1",
          "Microsoft.Testing.Platform": "1.2.1"
        }
      },
      "Microsoft.Testing.Extensions.HangDump": {
        "type": "Direct",
        "requested": "[2.2.1, )",
        "resolved": "2.2.1",
        "contentHash": "GStafBv8akr/VfSyHZZ4Si/scwG9JoGLwXELr8BkCLRr44iYelR4pbsTZRxgdMtLKZllyCJ/R5QzRr3eTRQPRw==",
        "dependencies": {
          "Microsoft.Diagnostics.NETCore.Client": "0.2.607501",
          "Microsoft.Testing.Platform": "2.2.1"
        }
      },
      "Microsoft.Testing.Extensions.HotReload": {
        "type": "Direct",
        "requested": "[2.2.1, )",
        "resolved": "2.2.1",
        "contentHash": "d96/CNhTM1QPH+an7UeyNw1UI/WMjR6LfcD8oGWUCF8SldkYSU5OAcL2TV5FZmwoe1X/qjRnBnmHttj7kVhymg==",
        "dependencies": {
          "Microsoft.Testing.Platform": "2.2.1"
        }
      },
      "Microsoft.Testing.Extensions.Retry": {
        "type": "Direct",
        "requested": "[2.2.1, )",
        "resolved": "2.2.1",
        "contentHash": "57AiYjNs8vdKytJDKRGi1BONbTzIwNsO1O1jLeOqi9ZqVNVjXwlP847aKcIHGZdLVG0LFvbpYSJGFvg9qIBp/g==",
        "dependencies": {
          "Microsoft.Testing.Platform": "2.2.1"
        }
      },
      "Microsoft.Testing.Extensions.TrxReport": {
        "type": "Direct",
        "requested": "[2.2.1, )",
        "resolved": "2.2.1",
        "contentHash": "FWaktPQHSiZh/+2ft2PHH/4bLlg8BKlrbLiil8mRcpoP0oHzKpgBfmN3QepGlAbxG0yDrZGN8tuPy77FYdEaMw==",
        "dependencies": {
          "Microsoft.Testing.Extensions.TrxReport.Abstractions": "2.2.1",
          "Microsoft.Testing.Platform": "2.2.1"
        }
      },
      "ModelContextProtocol": {
        "type": "Direct",
        "requested": "[1.2.0, )",
        "resolved": "1.2.0",
        "contentHash": "8lHIp8EY8faMFwDL+JynpFOeFZdsEE/Kxq8XMVfaA+RmQyNWjoWyvNXNQtWzVq+lDUlHLBx0ozerByNfcrciCw==",
        "dependencies": {
          "Microsoft.Extensions.Caching.Abstractions": "10.0.5",
          "Microsoft.Extensions.Hosting.Abstractions": "10.0.5",
          "ModelContextProtocol.Core": "1.2.0"
        }
      },
      "MSTest.TestAdapter": {
        "type": "Direct",
        "requested": "[4.2.1, )",
        "resolved": "4.2.1",
        "contentHash": "lZRgNzaQnffK4XLjM/og4Eoqp/3IkpcyJQQcyKXkPdkzCT3+ghpwHa9zG1xYhQDbUFoc54M+/waLwh31K9stDQ==",
        "dependencies": {
          "MSTest.TestFramework": "4.2.1",
          "Microsoft.Testing.Extensions.VSTestBridge": "2.2.1",
          "Microsoft.Testing.Platform.MSBuild": "2.2.1"
        }
      },
      "MSTest.TestFramework": {
        "type": "Direct",
        "requested": "[4.2.1, )",
        "resolved": "4.2.1",
        "contentHash": "I4/RbS2TpGZ56CE98+jPbrGlcerYtw2LvPVKzQGvyQQcJDekPy2Kd+fnThXYn+geJ1sW+vA9B7++rFNxvKcWxA==",
        "dependencies": {
          "MSTest.Analyzers": "4.2.1"
        }
      },
      "SIL.ReleaseTasks": {
        "type": "Direct",
        "requested": "[3.2.0, )",
        "resolved": "3.2.0",
        "contentHash": "HvkX+pve8yGdG79ar1hHf+9Q9WirwFXMZSQqNSHulqd0Ev1CQwEcF0DQLM+UlExXZJkL7MyI+7wM6wicnWBBuw==",
        "dependencies": {
          "Markdig.Signed": "0.41.1",
          "Microsoft.Build.Tasks.Core": "17.14.28"
        }
      },
      "SimpleBase": {
        "type": "Direct",
        "requested": "[5.6.0, )",
        "resolved": "5.6.0",
        "contentHash": "1nNr/DCvcxTrQzN1gUnYzFpLkbAKcFYhF/aMK34jVxrPUjMwL/J3KNEp89M0WaW2k9FUpacxRe4BmjFFjOv3zw=="
      },
      "System.CommandLine": {
        "type": "Direct",
        "requested": "[2.0.6, )",
        "resolved": "2.0.6",
        "contentHash": "10CL/VxB7N5FXP5mJD5aROrfyT7g3VIk0GH9DaSR3/QlD0q+GzRD+3+HnicYI1f391IZZ41vC5t+i62NjvEbDg=="
      },
      "System.Reactive": {
        "type": "Direct",
        "requested": "[6.1.0, )",
        "resolved": "6.1.0",
        "contentHash": "M5cCC1ZMkZr9jbSQGTHnVkb5TDN67qWCV7AP8TAHdGkvDlu0puT5NzemESNn9+HkYIDpWpocP68/i+/ame2/2w=="
      },
      "System.Security.Cryptography.ProtectedData": {
        "type": "Direct",
        "requested": "[10.0.6, )",
        "resolved": "10.0.6",
        "contentHash": "XsGj3pcZ4PIqz9Vhk7ymbL9iNQzOAnDzHmMBqK1rzjjfQBJ4AUZVJQWbDmTKUS8BIXX53QBDRrdiCpwdWfZM9A=="
      },
      "AngleSharp": {
        "type": "Transitive",
        "resolved": "1.4.0",
        "contentHash": "6ph8mpaQx0KL0COYRt0kI8MB9gSp1PtKijKMhJU//+aVFgKAJLKDesG/+26JSaVCOrHNgPf12wpfoyRcMYOeXg=="
      },
      "DotLiquid": {
        "type": "Transitive",
        "resolved": "2.1.405",
        "contentHash": "M8532wvCGiz2qb8N0BInwskNrpHOs9UvmcGuZt3yBdIIIccn+uNPGp6GEs2YUHxy0S7hbslElW1Vpyn70yI93Q=="
      },
      "dotNetRdf.Client": {
        "type": "Transitive",
        "resolved": "3.5.1",
        "contentHash": "Sqb3+uVz7yPU9Vt0mpya/sPst4iV6C+yYb9qiLRSF69YkYbxQpQ+pYG26Ks7Bii9aXPaDC9Fp8vKB1FMavoFJA==",
        "dependencies": {
          "dotNetRdf.Core": "3.5.1"
        }
      },
      "dotNetRdf.Core": {
        "type": "Transitive",
        "resolved": "3.5.1",
        "contentHash": "geBVQv2MaIoqhQ6rsLLKFp8Fop8gDjzzzRor60lC+mCiS5kcneqijuhitH0B7nUP/Ns/Jl1LtDsJDZLqGOSi2g==",
        "dependencies": {
          "AngleSharp": "1.4.0",
          "HtmlAgilityPack": "1.12.4",
          "Microsoft.Extensions.Configuration": "10.0.2",
          "Newtonsoft.Json": "13.0.4",
          "System.Configuration.ConfigurationManager": "10.0.2",
          "System.Reflection.TypeExtensions": "4.7.0",
          "VDS.Common": "3.0.0"
        }
      },
      "dotNetRdf.Data.DataTables": {
        "type": "Transitive",
        "resolved": "3.5.1",
        "contentHash": "ysV3VrOaLuJ8QzuqsMAsFmLMlDe9FutNnsFfoh4A3fTfXymUs0OvKP1M3bsHK26twCGFhEUazhjNl9MTlA29Kg==",
        "dependencies": {
          "dotNetRdf.Core": "3.5.1"
        }
      },
      "dotNetRdf.Dynamic": {
        "type": "Transitive",
        "resolved": "3.5.1",
        "contentHash": "kXAlM3L8FBhX0DoRPJ+1cvFmwUooanK9TYOKA90pfwqmgRPmFmAANSKgtjJWc3JqBQQktQEWnofXYdNkd3xEtA==",
        "dependencies": {
          "dotNetRdf.Core": "3.5.1"
        }
      },
      "dotNetRdf.Inferencing": {
        "type": "Transitive",
        "resolved": "3.5.1",
        "contentHash": "T1tNHLNhiXcMOX2r+eeBBjb6DakdVt4IMWFbcliV9w3D04Egqi/4yYlHf3ECmOij7o8qsDzjh9v7twdA0h5NpQ==",
        "dependencies": {
          "dotNetRdf.Ontology": "3.5.1"
        }
      },
      "dotNetRdf.Ldf": {
        "type": "Transitive",
        "resolved": "3.5.1",
        "contentHash": "USmBstE77ztBALox0ksXgm0lfFay7YQB+XdKP0m4kTKLGihqt8DRpzQm98PvbrzVbeX0Hb9Yn+jzRgGQhOPt7A==",
        "dependencies": {
          "Resta.UriTemplates": "1.4.0",
          "dotNetRdf.Core": "3.5.1"
        }
      },
      "dotNetRdf.Ontology": {
        "type": "Transitive",
        "resolved": "3.5.1",
        "contentHash": "MH9s12lrr40yMin0b9vUgzgKHRqBVucFp/MrLG745N3pdH2fIJg5kFY9zF/YnWVb2tgY0YPXjgScTrHPCpBvDA==",
        "dependencies": {
          "dotNetRdf.Core": "3.5.1"
        }
      },
      "dotNetRdf.Query.FullText": {
        "type": "Transitive",
        "resolved": "3.5.1",
        "contentHash": "calgDH+JDmTdy5KKeokdZQOBlkJl9nLGFWV5VgJwHCVg5Dfr4OUDi9LjKRDcwx66U3rcQQFNhFP/xVIkO7+UXA==",
        "dependencies": {
          "Lucene.Net": "4.8.0-beta00017",
          "Lucene.Net.QueryParser": "4.8.0-beta00017",
          "SharpZipLib": "1.4.2",
          "dotNetRdf.Core": "3.5.1"
        }
      },
      "dotNetRdf.Query.Spin": {
        "type": "Transitive",
        "resolved": "3.5.1",
        "contentHash": "vZXiH8SVtuPYaaN/nWeta85f9Us5ww3NAt525t8N9xJbgMU4NRRLGAozA6TENWJx4djoCMu7yupTZoRazyvgUQ==",
        "dependencies": {
          "dotNetRdf.Core": "3.5.1",
          "dotNetRdf.Inferencing": "3.5.1"
        }
      },
      "dotNetRdf.Shacl": {
        "type": "Transitive",
        "resolved": "3.5.1",
        "contentHash": "fYC0cwcqy4H/FWkcnwI4M1rBt3LCN6bm+JoxIGA9u/+phW805ik+ZiTfRkzleEjUuAHUmszaOMZFSyXCXg/gXA==",
        "dependencies": {
          "dotNetRdf.Core": "3.5.1"
        }
      },
      "dotNetRdf.Skos": {
        "type": "Transitive",
        "resolved": "3.5.1",
        "contentHash": "ePZBoDKTRhJpSWSLRJC2MuMqdEYZ9GhjmzhQ8CxaRHaJPr6mymEzQZCXVO/Z55+9t8vt7pMOQoWf5AkxLV3C+w==",
        "dependencies": {
          "dotNetRdf.Core": "3.5.1"
        }
      },
      "dotNetRdf.Writing.HtmlSchema": {
        "type": "Transitive",
        "resolved": "3.5.1",
        "contentHash": "u2HrgE+Gq96uwZ0wd+6yYxY2OZUwsX6u9VRjobSAfM59AbjqlyxQ3qjE4eMYsF5o9YX5hK6qAWEoGTF1IaPYaw==",
        "dependencies": {
          "dotNetRdf.Core": "3.5.1"
        }
      },
      "HtmlAgilityPack": {
        "type": "Transitive",
        "resolved": "1.12.4",
        "contentHash": "ljqvBabvFwKoLniuoQKO8b5bJfJweKLs4fUNS/V5dsvpo0A8MlJqxxn9XVmP2DaskbUXty6IYaWAi1SArGIMeQ=="
      },
      "J2N": {
        "type": "Transitive",
        "resolved": "2.1.0",
        "contentHash": "Vooz1wbnnqWuS+u93tADXK5Owxo8vLJhSrZ9Ac+KpgDF3GJq9TybXXTF1TFcWILgEtRThc8AOBENEzB0TQH1JA=="
      },
      "libsodium": {
        "type": "Transitive",
        "resolved": "1.0.20.1",
        "contentHash": "pkiceEqJDQFHjbga3k/oPfTVX9g+GKJZ1VrkuiLhaymt9YNw1Dr7cX9hNuZuNaWcr9WD0moW55k4pMwzQ7JaZQ=="
      },
      "LiquidTestReports.Core": {
        "type": "Transitive",
        "resolved": "1.4.3-beta",
        "contentHash": "zUiLpqoyNemwSRqUgE/7mtlYFuVxmiaLte6dFi9miShAqGVDfU08wAQpks1ovlGr7o1uKUTJCCsiTo82Gg65iQ==",
        "dependencies": {
          "DotLiquid": "2.1.405",
          "Microsoft.TestPlatform.ObjectModel": "16.9.1",
          "System.ComponentModel.Annotations": "5.0.0"
        }
      },
      "Lucene.Net": {
        "type": "Transitive",
        "resolved": "4.8.0-beta00017",
        "contentHash": "7LLWS9nNwx01AyE/KXMh+qdAlzDkRANE8407AO/wEmLL1InzVKFwfsRdRmwg4ILOMFui4xZ1Y54eqvzo3Tf9Vw==",
        "dependencies": {
          "J2N": "[2.1.0, 3.0.0)",
          "Microsoft.Extensions.Configuration.Abstractions": "8.0.0"
        }
      },
      "Lucene.Net.Analysis.Common": {
        "type": "Transitive",
        "resolved": "4.8.0-beta00017",
        "contentHash": "rPpmww/HgwEwhvfvZgdWITxFsWRoCEpP3+WQBFgbGxTn4eLDr3U/oFoe8KS+8jUNAl2+5atErDrW5JOcFG+gcQ==",
        "dependencies": {
          "Lucene.Net": "4.8.0-beta00017"
        }
      },
      "Lucene.Net.Queries": {
        "type": "Transitive",
        "resolved": "4.8.0-beta00017",
        "contentHash": "RVpZCfa/7pgvytFw64zLqinvZPQt4TojvcFghdAA5vhnpSs5GTbtciPIxFH3wwH3f2dYJywiqYKo1h3JBCXRBA==",
        "dependencies": {
          "Lucene.Net": "4.8.0-beta00017"
        }
      },
      "Lucene.Net.QueryParser": {
        "type": "Transitive",
        "resolved": "4.8.0-beta00017",
        "contentHash": "ZrF7EL06qB+2S2K4T3PliIa5EiJ5Ii7c/zFRMhsNozymz+HRHMVoI/nMYSdN6WF7X1Ef1DTeajMwvsbGTfl28Q==",
        "dependencies": {
          "Lucene.Net.Analysis.Common": "4.8.0-beta00017",
          "Lucene.Net.Queries": "4.8.0-beta00017",
          "Lucene.Net.Sandbox": "4.8.0-beta00017"
        }
      },
      "Lucene.Net.Sandbox": {
        "type": "Transitive",
        "resolved": "4.8.0-beta00017",
        "contentHash": "wRAzQZ4Z1yEuAaTwO+RrZB6l3Lz+vNGAiDshf0IjAr8qeVvQj74iodEcff4Bes88bnhqsWLUZlDUg/ygraxX2Q==",
        "dependencies": {
          "Lucene.Net": "4.8.0-beta00017"
        }
      },
      "Markdig.Signed": {
        "type": "Transitive",
        "resolved": "0.41.1",
        "contentHash": "vRSlilV2gcm769RDMe158oftaQN7FZpGe2roEEMGOXLcNUlmSbNUVppZIKaAFIQ/E575divDfoAV3yz6GL6R9Q=="
      },
      "Microsoft.ApplicationInsights": {
        "type": "Transitive",
        "resolved": "2.23.0",
        "contentHash": "nWArUZTdU7iqZLycLKWe0TDms48KKGE6pONH2terYNa8REXiqixrMOkf1sk5DHGMaUTqONU2YkS4SAXBhLStgw=="
      },
      "Microsoft.Build.Framework": {
        "type": "Transitive",
        "resolved": "17.14.28",
        "contentHash": "wRcyTzGV0LRAtFdrddtioh59Ky4/zbvyraP0cQkDzRSRkhgAQb0K88D/JNC6VHLIXanRi3mtV1jU0uQkBwmiVg=="
      },
      "Microsoft.Build.Tasks.Core": {
        "type": "Transitive",
        "resolved": "17.14.28",
        "contentHash": "jk3O0tXp9QWPXhLJ7Pl8wm/eGtGgA1++vwHGWEmnwMU6eP//ghtcCUpQh9CQMwEKGDnH0aJf285V1s8yiSlKfQ==",
        "dependencies": {
          "Microsoft.Build.Framework": "17.14.28",
          "Microsoft.Build.Utilities.Core": "17.14.28",
          "Microsoft.NET.StringTools": "17.14.28",
          "System.CodeDom": "9.0.0",
          "System.Configuration.ConfigurationManager": "9.0.0",
          "System.Diagnostics.EventLog": "9.0.0",
          "System.Formats.Nrbf": "9.0.0",
          "System.Resources.Extensions": "9.0.0",
          "System.Security.Cryptography.Pkcs": "9.0.0",
          "System.Security.Cryptography.ProtectedData": "9.0.0",
          "System.Security.Cryptography.Xml": "9.0.0"
        }
      },
      "Microsoft.Build.Utilities.Core": {
        "type": "Transitive",
        "resolved": "17.14.28",
        "contentHash": "rhSdPo8QfLXXWM+rY0x0z1G4KK4ZhMoIbHROyDj8MUBFab9nvHR0NaMnjzOgXldhmD2zi2ir8d6xCatNzlhF5g==",
        "dependencies": {
          "Microsoft.Build.Framework": "17.14.28",
          "Microsoft.NET.StringTools": "17.14.28",
          "System.Configuration.ConfigurationManager": "9.0.0",
          "System.Diagnostics.EventLog": "9.0.0",
          "System.Security.Cryptography.ProtectedData": "9.0.0"
        }
      },
      "Microsoft.Diagnostics.NETCore.Client": {
        "type": "Transitive",
        "resolved": "0.2.607501",
        "contentHash": "17Yxzao41A1oZZ5lCCAnnXOy9up5i/GVEGazBjJAUZ4UISsNAotUt6h7zvCDgfKIC46CD7jszgLzLZoscSIJQA==",
        "dependencies": {
          "Microsoft.Extensions.Logging.Abstractions": "6.0.4"
        }
      },
      "Microsoft.DiaSymReader": {
        "type": "Transitive",
        "resolved": "2.2.3",
        "contentHash": "bhwzJfzyiJM0nXJyNB7Y9OfsEXyxLdDBHG99soIp5JjnPydwkOaBdRCtRtWgQh3noSLi2cSIZ/wpbHNNE9knxQ=="
      },
      "Microsoft.Extensions.AI.Abstractions": {
        "type": "Transitive",
        "resolved": "10.4.1",
        "contentHash": "ZxhU/wg9BOc3ohibhLl18toPLWm96ysQoE+3OhCgrZ0TUPZd7bsUmGteeatz08yweyuPIEhtyUzEZTF+3bMWEQ=="
      },
      "Microsoft.Extensions.Caching.Abstractions": {
        "type": "Transitive",
        "resolved": "10.0.6",
        "contentHash": "Ilr690V+E1H116ncF00KIlvRloKXBdCExaNqcT9BvCcS5nFGR1pcTamSA2EI8pOXbNp0DHZm8K8h6Wl1hMSbIQ==",
        "dependencies": {
          "Microsoft.Extensions.Primitives": "10.0.6"
        }
      },
      "Microsoft.Extensions.Configuration": {
        "type": "Transitive",
        "resolved": "10.0.6",
        "contentHash": "lYQ9S1FGXIWIU7243RimdAXQYsFDeLhSSZvbSDwbeI/kCzZ4MIYXpp3kMQ+bDJXwl9pzMRIYkd4f9zGqcYxfAQ==",
        "dependencies": {
          "Microsoft.Extensions.Configuration.Abstractions": "10.0.6",
          "Microsoft.Extensions.Primitives": "10.0.6"
        }
      },
      "Microsoft.Extensions.Configuration.Abstractions": {
        "type": "Transitive",
        "resolved": "10.0.6",
        "contentHash": "a7bA7IT3ngIgcOMb/2MVH5CcfSxUCeQ6QXWS1Vt6oFpzLTH3U1+J2Xtc64Uw3whX9akYG8eR/UQeEzxo64zZLg==",
        "dependencies": {
          "Microsoft.Extensions.Primitives": "10.0.6"
        }
      },
      "Microsoft.Extensions.Configuration.Binder": {
        "type": "Transitive",
        "resolved": "10.0.6",
        "contentHash": "h22Fm4VxRmr4ty9rxJaW0i51xD56Bl5QhQ2hsGY2vl+6FioWmBhkpg3B78XQaK25N+hE41gZLZuYKGQS+OGbdw==",
        "dependencies": {
          "Microsoft.Extensions.Configuration": "10.0.6",
          "Microsoft.Extensions.Configuration.Abstractions": "10.0.6"
        }
      },
      "Microsoft.Extensions.Configuration.CommandLine": {
        "type": "Transitive",
        "resolved": "10.0.6",
        "contentHash": "QIhi6cJMfeGBGs36DGc+3k5yYFAc9TAk3TN3WaommALXVv+syLSIkFwDgXDtrXvAgvFwOrRjxWpzJ88TLD1uhA==",
        "dependencies": {
          "Microsoft.Extensions.Configuration": "10.0.6",
          "Microsoft.Extensions.Configuration.Abstractions": "10.0.6"
        }
      },
      "Microsoft.Extensions.Configuration.EnvironmentVariables": {
        "type": "Transitive",
        "resolved": "10.0.6",
        "contentHash": "ZqkqIq6AXCBrLHqLGpjv0otGo0Dx1rF1UdDuVWDiog8jXuRwb3IH59fDONIxUschwDcYaD5xftrPCWdH1YD6lQ==",
        "dependencies": {
          "Microsoft.Extensions.Configuration": "10.0.6",
          "Microsoft.Extensions.Configuration.Abstractions": "10.0.6"
        }
      },
      "Microsoft.Extensions.Configuration.FileExtensions": {
        "type": "Transitive",
        "resolved": "10.0.6",
        "contentHash": "hils30RkqBbtQVupvgUr7sgxJUYPc6YMEDge1QAXGTOhbRlqk2I0OH+BWMSsQjYnbGX2Ytl6EkrLgu9im6vE0w==",
        "dependencies": {
          "Microsoft.Extensions.Configuration": "10.0.6",
          "Microsoft.Extensions.Configuration.Abstractions": "10.0.6",
          "Microsoft.Extensions.FileProviders.Abstractions": "10.0.6",
          "Microsoft.Extensions.FileProviders.Physical": "10.0.6",
          "Microsoft.Extensions.Primitives": "10.0.6"
        }
      },
      "Microsoft.Extensions.Configuration.Json": {
        "type": "Transitive",
        "resolved": "10.0.6",
        "contentHash": "o/IG5ywTfT5U1ANCAC4w1vKtXapdL/OlunywrWboySYJB79eX0+mw7qxqNRkq1WMZOJoSyjPjbyZ17l3LS7A6Q==",
        "dependencies": {
          "Microsoft.Extensions.Configuration": "10.0.6",
          "Microsoft.Extensions.Configuration.Abstractions": "10.0.6",
          "Microsoft.Extensions.Configuration.FileExtensions": "10.0.6",
          "Microsoft.Extensions.FileProviders.Abstractions": "10.0.6"
        }
      },
      "Microsoft.Extensions.Configuration.UserSecrets": {
        "type": "Transitive",
        "resolved": "10.0.6",
        "contentHash": "DBuOHuzQitvowdS06xaHaOQl1Tcy8D+vU/FNAClkMPB23skPDbmN14t0ijJlQUGC9o10u+x+xVEsQk30ywYFtQ==",
        "dependencies": {
          "Microsoft.Extensions.Configuration.Abstractions": "10.0.6",
          "Microsoft.Extensions.Configuration.Json": "10.0.6",
          "Microsoft.Extensions.FileProviders.Abstractions": "10.0.6",
          "Microsoft.Extensions.FileProviders.Physical": "10.0.6"
        }
      },
      "Microsoft.Extensions.DependencyInjection": {
        "type": "Transitive",
        "resolved": "10.0.6",
        "contentHash": "poUvwtf92bEs8uBH3aRRs/ZgiAw+Z485EU7TtVPBt//MmD0uMPERe7+v3Ur7lpD8XgIEDL9sDoTBcW1LMG97CQ==",
        "dependencies": {
          "Microsoft.Extensions.DependencyInjection.Abstractions": "10.0.6"
        }
      },
      "Microsoft.Extensions.DependencyInjection.Abstractions": {
        "type": "Transitive",
        "resolved": "10.0.6",
        "contentHash": "w+dX4SIr1X9yegX2yX2dU1XtP4JAUVNdvOG/Evn+H+ndn96YzfIPX52FALXChrRNWFR9l77FQyg1mB7WQo6iOA=="
      },
      "Microsoft.Extensions.DependencyModel": {
        "type": "Transitive",
        "resolved": "8.0.2",
        "contentHash": "mUBDZZRgZrSyFOsJ2qJJ9fXfqd/kXJwf3AiDoqLD9m6TjY5OO/vLNOb9fb4juC0487eq4hcGN/M2Rh/CKS7QYw=="
      },
      "Microsoft.Extensions.Diagnostics": {
        "type": "Transitive",
        "resolved": "10.0.6",
        "contentHash": "vbigpAOKX+Bbm2uJQ/AqXqONEPPB3ZYkynRT24vo5ZWF1rzKPtVjpkQkJx5qTGp2dqNV5In9QqboayqmKdvGUA==",
        "dependencies": {
          "Microsoft.Extensions.Configuration": "10.0.6",
          "Microsoft.Extensions.Diagnostics.Abstractions": "10.0.6",
          "Microsoft.Extensions.Options.ConfigurationExtensions": "10.0.6"
        }
      },
      "Microsoft.Extensions.Diagnostics.Abstractions": {
        "type": "Transitive",
        "resolved": "10.0.6",
        "contentHash": "L98Xe5C+xyKytLNLiEyQ0rcY8GNXAeAn1xKsE0YDxPx/mXBYYtRoj8pC2cnbSFQUlOzBkyO90ivMSV22SRETFg==",
        "dependencies": {
          "Microsoft.Extensions.DependencyInjection.Abstractions": "10.0.6",
          "Microsoft.Extensions.Options": "10.0.6"
        }
      },
      "Microsoft.Extensions.FileProviders.Abstractions": {
        "type": "Transitive",
        "resolved": "10.0.6",
        "contentHash": "iU/lPyrjHVA4jJ7Bl/VpXvgsAD4qJWc4oPSVJjMBeZjmv7IIo8wBKxnOUoXdZcSCUJ6MeBMs3WpXNfncO7OzRg==",
        "dependencies": {
          "Microsoft.Extensions.Primitives": "10.0.6"
        }
      },
      "Microsoft.Extensions.FileProviders.Physical": {
        "type": "Transitive",
        "resolved": "10.0.6",
        "contentHash": "t6T7umdzTKkSBOUMe5RYk826cTCsDU0hne9lPN5RGOSb3Kq0Xw8OEErM4zJ4dgZWV3G0ObK1Hf1IVU88uIKe6A==",
        "dependencies": {
          "Microsoft.Extensions.FileProviders.Abstractions": "10.0.6",
          "Microsoft.Extensions.FileSystemGlobbing": "10.0.6",
          "Microsoft.Extensions.Primitives": "10.0.6"
        }
      },
      "Microsoft.Extensions.FileSystemGlobbing": {
        "type": "Transitive",
        "resolved": "10.0.6",
        "contentHash": "EG9GuYJlj1o1G8maSpKceZdj88OehKFRWaWp8BWUQWlvIJDWD8N0sIYDoRMGL/yX85H8KbVYPR9+dH/UjPEiKw=="
      },
      "Microsoft.Extensions.Hosting.Abstractions": {
        "type": "Transitive",
        "resolved": "10.0.6",
        "contentHash": "x3C8tgsX+xWvV5u76LFm24/U7sSnCRjuudBkbFsMV/DIqCA85te7YGg6dpa7lBToDhi4Lry9E7Arpy0laUw5AQ==",
        "dependencies": {
          "Microsoft.Extensions.Configuration.Abstractions": "10.0.6",
          "Microsoft.Extensions.DependencyInjection.Abstractions": "10.0.6",
          "Microsoft.Extensions.Diagnostics.Abstractions": "10.0.6",
          "Microsoft.Extensions.FileProviders.Abstractions": "10.0.6",
          "Microsoft.Extensions.Logging.Abstractions": "10.0.6"
        }
      },
      "Microsoft.Extensions.Logging": {
        "type": "Transitive",
        "resolved": "10.0.6",
        "contentHash": "ZjpnbMD88IcZQE2pE9lcGv3mkH2mlApPWNh88ya1wJpcxZLp7p4aN7twI2FpawGPAsXNpmMgtKaz3o796YWKWQ==",
        "dependencies": {
          "Microsoft.Extensions.DependencyInjection": "10.0.6",
          "Microsoft.Extensions.Logging.Abstractions": "10.0.6",
          "Microsoft.Extensions.Options": "10.0.6"
        }
      },
      "Microsoft.Extensions.Logging.Abstractions": {
        "type": "Transitive",
        "resolved": "10.0.6",
        "contentHash": "1YgBO3wAy0dlpQyVTKWBSPND/t0yZHsvd3shGpbeEwH8JSb2hnFI2pNFrOOUi/stsp+T/dqwqmRIGh47ibo9bw==",
        "dependencies": {
          "Microsoft.Extensions.DependencyInjection.Abstractions": "10.0.6"
        }
      },
      "Microsoft.Extensions.Logging.Configuration": {
        "type": "Transitive",
        "resolved": "10.0.6",
        "contentHash": "YXyeFL/MFNuy7k4zCIxldXdyyK7hpW3wPnqyS5HxOJ+BkMkaT7cYVmpWYNnRaiEM6a98vjVjvIRHiUUsTJfc6g==",
        "dependencies": {
          "Microsoft.Extensions.Configuration": "10.0.6",
          "Microsoft.Extensions.Configuration.Abstractions": "10.0.6",
          "Microsoft.Extensions.Configuration.Binder": "10.0.6",
          "Microsoft.Extensions.DependencyInjection.Abstractions": "10.0.6",
          "Microsoft.Extensions.Logging": "10.0.6",
          "Microsoft.Extensions.Logging.Abstractions": "10.0.6",
          "Microsoft.Extensions.Options": "10.0.6",
          "Microsoft.Extensions.Options.ConfigurationExtensions": "10.0.6"
        }
      },
      "Microsoft.Extensions.Logging.Console": {
        "type": "Transitive",
        "resolved": "10.0.6",
        "contentHash": "i6yclZFcPCX3MWphzPEbnBXpgT9vjZQppS4mFFvzSVols9JvvZPVeMe1ufv1bWC0/NwrBY5C+xKX4Joq+8HCkg==",
        "dependencies": {
          "Microsoft.Extensions.DependencyInjection.Abstractions": "10.0.6",
          "Microsoft.Extensions.Logging": "10.0.6",
          "Microsoft.Extensions.Logging.Abstractions": "10.0.6",
          "Microsoft.Extensions.Logging.Configuration": "10.0.6",
          "Microsoft.Extensions.Options": "10.0.6"
        }
      },
      "Microsoft.Extensions.Logging.Debug": {
        "type": "Transitive",
        "resolved": "10.0.6",
        "contentHash": "CS6sPOCtu4NZo7fy4+475DPyqP0Yty2lj14yGZBC6JRdLQKuy+698gcZpKlCEzfr/0mqnbuBlrLRr/LgI7u/4g==",
        "dependencies": {
          "Microsoft.Extensions.DependencyInjection.Abstractions": "10.0.6",
          "Microsoft.Extensions.Logging": "10.0.6",
          "Microsoft.Extensions.Logging.Abstractions": "10.0.6"
        }
      },
      "Microsoft.Extensions.Logging.EventLog": {
        "type": "Transitive",
        "resolved": "10.0.6",
        "contentHash": "E/EI8sRdfbdLfHsmtdVwvX2ygoyCvP0l8Bk95QS00nw7ZHuEIibalafSTNMGrIz34+Wriyivl6unQ56g634QPQ==",
        "dependencies": {
          "Microsoft.Extensions.DependencyInjection.Abstractions": "10.0.6",
          "Microsoft.Extensions.Logging": "10.0.6",
          "Microsoft.Extensions.Logging.Abstractions": "10.0.6",
          "Microsoft.Extensions.Options": "10.0.6",
          "System.Diagnostics.EventLog": "10.0.6"
        }
      },
      "Microsoft.Extensions.Logging.EventSource": {
        "type": "Transitive",
        "resolved": "10.0.6",
        "contentHash": "On5ERRSmspe7/rCoiy+gaWmNI2hriIBTQS/2jtakeKE9MR7iDhOOjVjzjWapzZW3BlzAi4xCkocNqFl2AYQN3g==",
        "dependencies": {
          "Microsoft.Extensions.DependencyInjection.Abstractions": "10.0.6",
          "Microsoft.Extensions.Logging": "10.0.6",
          "Microsoft.Extensions.Logging.Abstractions": "10.0.6",
          "Microsoft.Extensions.Options": "10.0.6",
          "Microsoft.Extensions.Primitives": "10.0.6"
        }
      },
      "Microsoft.Extensions.Options": {
        "type": "Transitive",
        "resolved": "10.0.6",
        "contentHash": "v5RTWm+3Gdub21ADJeRG5bunOOxutFNBZk6qGH6Az4L5nyRZoLe3Kse7jfAyUcdEoiKp72XpNw/wGR+9wP+MtQ==",
        "dependencies": {
          "Microsoft.Extensions.DependencyInjection.Abstractions": "10.0.6",
          "Microsoft.Extensions.Primitives": "10.0.6"
        }
      },
      "Microsoft.Extensions.Options.ConfigurationExtensions": {
        "type": "Transitive",
        "resolved": "10.0.6",
        "contentHash": "O7xt1vYMxku2+/WpFkh6X8RzUtYbKR+XCt0KOO0W9TbRbFeQdfb9Nry/CdVq57kOyOKS3Z4qD1xqV/8LpJQ0Xw==",
        "dependencies": {
          "Microsoft.Extensions.Configuration.Abstractions": "10.0.6",
          "Microsoft.Extensions.Configuration.Binder": "10.0.6",
          "Microsoft.Extensions.DependencyInjection.Abstractions": "10.0.6",
          "Microsoft.Extensions.Options": "10.0.6",
          "Microsoft.Extensions.Primitives": "10.0.6"
        }
      },
      "Microsoft.Extensions.Primitives": {
        "type": "Transitive",
        "resolved": "10.0.6",
        "contentHash": "L8P21mqaG+CXvPheLndean/cHCOcItJqH8nx+0YQnK7wAiOR0G1IOC418ZSzTMD2D6Gmo0f2M5WR70XtpX2B8g=="
      },
      "Microsoft.IdentityModel.Abstractions": {
        "type": "Transitive",
        "resolved": "8.17.0",
        "contentHash": "6NrxQGcZg6IunkN8K2F0UVMavNpfCjbjjjON7PYcL8FwI8aULKUreiHsRX/yaA8j3XsTJnQKUYpoQk5gBjULZw=="
      },
      "Microsoft.IdentityModel.Logging": {
        "type": "Transitive",
        "resolved": "8.17.0",
        "contentHash": "w1vjfri0BWqW7RkSZY3ZsqekNfIJJg5BQSFs2j+a+pCXOVrkezmJcn74pT3djwjXJh71577C6wJQgNc2UPz30w==",
        "dependencies": {
          "Microsoft.IdentityModel.Abstractions": "8.17.0"
        }
      },
      "Microsoft.NET.StringTools": {
        "type": "Transitive",
        "resolved": "17.14.28",
        "contentHash": "DMIeWDlxe0Wz0DIhJZ2FMoGQAN2yrGZOi5jjFhRYHWR5ONd0CS6IpAHlRnA7uA/5BF+BADvgsETxW2XrPiFc1A=="
      },
      "Microsoft.QualityTools.Testing.Fakes": {
        "type": "Transitive",
        "resolved": "18.1.1",
        "contentHash": "xma7D9ZX4EtbBEUNj29toDfM7nVKZM3Wd9NjjoWcF6SwZZ9EWh7W/WUK1AdPy73cRG8S/e5PTrsxqFZA52/aHg==",
        "dependencies": {
          "System.Security.Permissions": "8.0.0"
        }
      },
      "Microsoft.Testing.Extensions.Telemetry": {
        "type": "Transitive",
        "resolved": "2.2.1",
        "contentHash": "7zB8BjffOyvqfHF26rFVPuK0w1fCf5+j1tLuhHIr76CqxXkGb+fMJtq6YNOV+m6qPytExHMXxluk3RgJ+dSIqw==",
        "dependencies": {
          "Microsoft.ApplicationInsights": "2.23.0",
          "Microsoft.Testing.Platform": "2.2.1"
        }
      },
      "Microsoft.Testing.Extensions.TrxReport.Abstractions": {
        "type": "Transitive",
        "resolved": "2.2.1",
        "contentHash": "RD6D1Jx6cKDA5IHd1H2q8ylIuQG3PD+gdULI0JC8CvsRtaypFzTFpB5xDPuQi8o6kAkcM04cBhAiJPxZboNH2Q==",
        "dependencies": {
          "Microsoft.Testing.Platform": "2.2.1"
        }
      },
      "Microsoft.Testing.Extensions.VSTestBridge": {
        "type": "Transitive",
        "resolved": "2.2.1",
        "contentHash": "D8AGlkNtlTQPe3zf4SLnHBMr13lerMe0RuHSoRfnRatcuX/T7YbRtgn39rWBjKhXsNio0WXKrPKv3gfWE2I46w==",
        "dependencies": {
          "Microsoft.TestPlatform.ObjectModel": "18.3.0",
          "Microsoft.Testing.Extensions.Telemetry": "2.2.1",
          "Microsoft.Testing.Extensions.TrxReport.Abstractions": "2.2.1",
          "Microsoft.Testing.Platform": "2.2.1"
        }
      },
      "Microsoft.Testing.Platform": {
        "type": "Transitive",
        "resolved": "2.2.1",
        "contentHash": "9bbPuls/b6/vUFzxbSjJLZlJHyKBfOZE5kjIY+ITI2ASqlFPJhR83BdLydJeQOCLEZhEbrEcz5xtt1B69nwSVg=="
      },
      "Microsoft.Testing.Platform.MSBuild": {
        "type": "Transitive",
        "resolved": "2.2.1",
        "contentHash": "CSJOcZHfKlTyPbS0CTJk6iEnU4gJC+eUA5z72UBnMDRdgVHYOmB8k9Y7jT233gZjnCOQiYFg3acQHRfu2H62nw==",
        "dependencies": {
          "Microsoft.Testing.Platform": "2.2.1"
        }
      },
      "Microsoft.TestPlatform.ObjectModel": {
        "type": "Transitive",
        "resolved": "18.3.0",
        "contentHash": "AEIEX2aWdPO9XbtR96eBaJxmXRD9vaI9uQ1T/JbPEKlTAZwYx0ZrMzKyULMdh/HH9Sg03kXCoN7LszQ90o6nPQ=="
      },
      "ModelContextProtocol.Core": {
        "type": "Transitive",
        "resolved": "1.2.0",
        "contentHash": "x0eQqFKtV30nWP6yVy0d/3RnAKwM14ay1CHnUNb7EpwZEXJJJqjPENYvpzwqi8+8LNMMK/g33WnnLYIf1JGMOg==",
        "dependencies": {
          "Microsoft.Extensions.AI.Abstractions": "10.4.1",
          "Microsoft.Extensions.Logging.Abstractions": "10.0.5"
        }
      },
      "MSTest.Analyzers": {
        "type": "Transitive",
        "resolved": "4.2.1",
        "contentHash": "1i9jgE/42KGGyZ4s0MdrYM/Uu/dRYhbRfYQifcO0AZ6vw4sBXRjoQGQRGNSm771AYgPAmoGl0u4sJc2lMET6HQ=="
      },
      "Newtonsoft.Json": {
        "type": "Transitive",
        "resolved": "13.0.4",
        "contentHash": "pdgNNMai3zv51W5aq268sujXUyx7SNdE2bj1wZcWjAQrKMFZV260lbqYop1d2GM67JI1huLRwxo9ZqnfF/lC6A=="
      },
      "Resta.UriTemplates": {
        "type": "Transitive",
        "resolved": "1.4.0",
        "contentHash": "51tStewZPTrXHdc7iVxM9DBk/B7fs3fntQKF1ytLZ2Vx5EMGqD1tKYlFHIfcyT4jLjTXhApZGQEraANYJSx5WA=="
      },
      "SharpZipLib": {
        "type": "Transitive",
        "resolved": "1.4.2",
        "contentHash": "yjj+3zgz8zgXpiiC3ZdF/iyTBbz2fFvMxZFEBPUcwZjIvXOf37Ylm+K58hqMfIBt5JgU/Z2uoUS67JmTLe973A=="
      },
      "System.CodeDom": {
        "type": "Transitive",
        "resolved": "9.0.0",
        "contentHash": "oTE5IfuMoET8yaZP/vdvy9xO47guAv/rOhe4DODuFBN3ySprcQOlXqO3j+e/H/YpKKR5sglrxRaZ2HYOhNJrqA=="
      },
      "System.ComponentModel.Annotations": {
        "type": "Transitive",
        "resolved": "5.0.0",
        "contentHash": "dMkqfy2el8A8/I76n2Hi1oBFEbG1SfxD2l5nhwXV3XjlnOmwxJlQbYpJH4W51odnU9sARCSAgv7S3CyAFMkpYg=="
      },
      "System.Configuration.ConfigurationManager": {
        "type": "Transitive",
        "resolved": "10.0.2",
        "contentHash": "UpBPpVzF+xbB3GsBrraPvlYCwUiOhs+RLxnTMKLqDs2gNNaAtxQRlKjXfMV3zxE+hiQkGId5olZ+9tE6xXHdwQ==",
        "dependencies": {
          "System.Diagnostics.EventLog": "10.0.2",
          "System.Security.Cryptography.ProtectedData": "10.0.2"
        }
      },
      "System.Diagnostics.EventLog": {
        "type": "Transitive",
        "resolved": "10.0.6",
        "contentHash": "RMe4gRBwSVd1O6HVRjNwLgcH2jjrT8sHyNRJegZLX68voA+HzMf1xZPvFxMMDpyW86B9U2pYslgl4DFCE61WyA=="
      },
      "System.Formats.Nrbf": {
        "type": "Transitive",
        "resolved": "9.0.0",
        "contentHash": "F/6tNE+ckmdFeSQAyQo26bQOqfPFKEfZcuqnp4kBE6/7jP26diP+QTHCJJ6vpEfaY6bLy+hBLiIQUSxSmNwLkA=="
      },
      "System.Reflection.TypeExtensions": {
        "type": "Transitive",
        "resolved": "4.7.0",
        "contentHash": "VybpaOQQhqE6siHppMktjfGBw1GCwvCqiufqmP8F1nj7fTUNtW35LOEt3UZTEsECfo+ELAl/9o9nJx3U91i7vA=="
      },
      "System.Resources.Extensions": {
        "type": "Transitive",
        "resolved": "9.0.0",
        "contentHash": "tvhuT1D2OwPROdL1kRWtaTJliQo0WdyhvwDpd8RM997G7m3Hya5nhbYhNTS75x6Vu+ypSOgL5qxDCn8IROtCxw==",
        "dependencies": {
          "System.Formats.Nrbf": "9.0.0"
        }
      },
      "System.Security.Cryptography.Pkcs": {
        "type": "Transitive",
        "resolved": "10.0.6",
        "contentHash": "88tquaGJ1htm4DHWS6x9jwER7sFET2SVRN7HqO1FYZwE0diDcUmz0ajhVa8ZD2HGhDJBueSPjP/gqyP3gXtT2A=="
      },
      "System.Security.Permissions": {
        "type": "Transitive",
        "resolved": "8.0.0",
        "contentHash": "v/BBylw7XevuAsHXoX9dDUUfmBIcUf7Lkz8K3ZXIKz3YRKpw8YftpSir4n4e/jDTKFoaK37AsC3xnk+GNFI1Ow==",
        "dependencies": {
          "System.Windows.Extensions": "8.0.0"
        }
      },
      "System.Windows.Extensions": {
        "type": "Transitive",
        "resolved": "8.0.0",
        "contentHash": "Obg3a90MkOw9mYKxrardLpY2u0axDMrSmy4JCdq2cYbelM2cUwmUir5Bomvd1yxmPL9h5LVHU1tuKBZpUjfASg=="
      },
      "VDS.Common": {
        "type": "Transitive",
        "resolved": "3.0.0",
        "contentHash": "fFYBEVmVlyoeq2dhjM8OR3OCr+ZNCL8E7nEePCZyH2BVo3ky5lHZZiF0PcWwOJmRTyIA/6c0716DfHKNB5oKKg=="
      },
      "verifiable": {
        "type": "Project",
        "dependencies": {
          "Microsoft.Extensions.Hosting": "[10.0.6, )",
          "ModelContextProtocol": "[1.2.0, )",
          "SimpleBase": "[5.6.0, )",
          "System.CommandLine": "[2.0.6, )",
          "Verifiable.Core": "[0.0.0, )",
          "Verifiable.Tpm": "[0.0.0, )",
          "dotNetRdf": "[3.5.1, )"
        }
      },
      "verifiable.bouncycastle": {
        "type": "Project",
        "dependencies": {
          "BouncyCastle.Cryptography": "[2.6.2, )",
          "Verifiable.Core": "[0.0.0, )"
        }
      },
      "verifiable.cbor": {
        "type": "Project",
        "dependencies": {
          "System.Formats.Cbor": "[10.0.6, )",
          "Verifiable.Core": "[0.0.0, )",
          "Verifiable.JCose": "[0.0.0, )"
        }
      },
      "verifiable.core": {
        "type": "Project",
        "dependencies": {
          "Verifiable.JCose": "[0.0.0, )",
          "Verifiable.JsonPointer": "[0.0.0, )"
        }
      },
      "verifiable.cryptography": {
        "type": "Project"
      },
      "verifiable.jcose": {
        "type": "Project",
        "dependencies": {
          "Verifiable.Cryptography": "[0.0.0, )"
        }
      },
      "verifiable.json": {
        "type": "Project",
        "dependencies": {
          "Verifiable.Core": "[0.0.0, )",
          "Verifiable.JCose": "[0.0.0, )",
          "Verifiable.JsonPointer": "[0.0.0, )",
          "Verifiable.OAuth": "[0.0.0, )"
        }
      },
      "verifiable.jsonpointer": {
        "type": "Project"
      },
      "verifiable.microsoft": {
        "type": "Project",
        "dependencies": {
          "System.Security.Cryptography.ProtectedData": "[10.0.6, )",
          "Verifiable.Core": "[0.0.0, )"
        }
      },
      "verifiable.nsec": {
        "type": "Project",
        "dependencies": {
          "NSec.Cryptography": "[25.4.0, )",
          "Verifiable.Core": "[0.0.0, )"
        }
      },
      "verifiable.oauth": {
        "type": "Project",
        "dependencies": {
          "Verifiable.Core": "[0.0.0, )",
          "Verifiable.JCose": "[0.0.0, )"
        }
      },
      "verifiable.sidetree": {
        "type": "Project",
        "dependencies": {
          "Verifiable.Core": "[0.0.0, )"
        }
      },
      "verifiable.tpm": {
        "type": "Project",
        "dependencies": {
          "Verifiable.Cryptography": "[0.0.0, )"
        }
      },
      "BouncyCastle.Cryptography": {
        "type": "CentralTransitive",
        "requested": "[2.6.2, )",
        "resolved": "2.6.2",
        "contentHash": "7oWOcvnntmMKNzDLsdxAYqApt+AjpRpP2CShjMfIa3umZ42UQMvH0tl1qAliYPNYO6vTdcGMqnRrCPmsfzTI1w=="
      },
      "NSec.Cryptography": {
        "type": "CentralTransitive",
        "requested": "[25.4.0, )",
        "resolved": "25.4.0",
        "contentHash": "Z3wPpG0xefMLmhn9T+Ka/EzAmMQPT0THL/5E4lf9cXI/N9rbGH0G23ZFpRcPnD0ast2k7ieG6QSVNIjmfPCXBQ==",
        "dependencies": {
          "libsodium": "[1.0.20.1, 1.0.21)"
        }
      },
      "System.Formats.Cbor": {
        "type": "CentralTransitive",
        "requested": "[10.0.6, )",
        "resolved": "10.0.6",
        "contentHash": "FiEKCMZF4Hw+tt4JqYTUG6QO4wb5gR75Rqbsq15D3a11SxSfW+OB0qyRlNAijdQ+rB9zTiMMJbGRFXmK7fwkGA=="
      },
      "System.Security.Cryptography.Xml": {
        "type": "CentralTransitive",
        "requested": "[10.0.6, )",
        "resolved": "10.0.6",
        "contentHash": "71yFkEElPZKZ9jbZQTe1CWeHYXEtnCXwZnHnfeA8pP47tCXBUoWk+6zSIZ7RXO90nZjXgPNil6BFGWb1OBqA5w==",
        "dependencies": {
          "System.Security.Cryptography.Pkcs": "10.0.6"
        }
      }
    }
  }
}