{
  "version": 2,
  "dependencies": {
    "net10.0": {
      "CsCheck": {
        "type": "Direct",
        "requested": "[4.5.0, )",
        "resolved": "4.5.0",
        "contentHash": "yr4KUycAY+6Hx8r7BYyLjymHiFFOVoOTokS54f9y0tRrKdbQUEc+i1ojwdr/gjme8ZeZnRGP68XgfUFZfYO/MQ=="
      },
      "dotNetRdf": {
        "type": "Direct",
        "requested": "[3.5.1, )",
        "resolved": "3.5.1",
        "contentHash": "DZA9h0hsyrgqOF44aEPhtI2eXj4a7uC6b0iFY3Y0EldvZ+cU3UKH8OpjK2NbuTvvCJZdwr3cXeVWVOAOlNIGCQ==",
        "dependencies": {
          "dotNetRdf.Client": "3.5.1",
          "dotNetRdf.Core": "3.5.1",
          "dotNetRdf.Data.DataTables": "3.5.1",
          "dotNetRdf.Dynamic": "3.5.1",
          "dotNetRdf.Inferencing": "3.5.1",
          "dotNetRdf.Ldf": "3.5.1",
          "dotNetRdf.Ontology": "3.5.1",
          "dotNetRdf.Query.FullText": "3.5.1",
          "dotNetRdf.Query.Spin": "3.5.1",
          "dotNetRdf.Shacl": "3.5.1",
          "dotNetRdf.Skos": "3.5.1",
          "dotNetRdf.Writing.HtmlSchema": "3.5.1"
        }
      },
      "LiquidTestReports.Markdown": {
        "type": "Direct",
        "requested": "[1.4.3-beta, )",
        "resolved": "1.4.3-beta",
        "contentHash": "k45yRvPJnka1tjaTSypMgRmRKYIix2xN/UrQGZwRsxy/dW/tvT5mo9MfiveUYD19kgHNE5vKAVSi/YcBixCbmg==",
        "dependencies": {
          "LiquidTestReports.Core": "1.4.3-beta",
          "Microsoft.TestPlatform.ObjectModel": "16.9.1"
        }
      },
      "Microsoft.CodeAnalysis.BannedApiAnalyzers": {
        "type": "Direct",
        "requested": "[3.12.0-beta1.25218.8, )",
        "resolved": "3.12.0-beta1.25218.8",
        "contentHash": "Hl/CiTNuFm43+DdMDpmm9lSFnlwISwtgGKmByWdwZoGgtJfefKP6fPwnmOVsW/s42ahOEhPpIYFlZJ2+AqeJEQ=="
      },
      "Microsoft.Extensions.Caching.Memory": {
        "type": "Direct",
        "requested": "[10.0.3, )",
        "resolved": "10.0.3",
        "contentHash": "No4fVh0z30SWqiWFRoA4PNdrEco6OjXvCqRFvlmRgDQqqks2bRDdeavUgWEiAX153ZAwW9loUgbxcvuP4NKQLg==",
        "dependencies": {
          "Microsoft.Extensions.Caching.Abstractions": "10.0.3",
          "Microsoft.Extensions.DependencyInjection.Abstractions": "10.0.3",
          "Microsoft.Extensions.Logging.Abstractions": "10.0.3",
          "Microsoft.Extensions.Options": "10.0.3",
          "Microsoft.Extensions.Primitives": "10.0.3"
        }
      },
      "Microsoft.Extensions.Hosting": {
        "type": "Direct",
        "requested": "[10.0.3, )",
        "resolved": "10.0.3",
        "contentHash": "ssbRCALcbBXfQPXLr4bZ3FVlbnDzeR0F6hPKDUCZLPQul7oBeSGaJq+XLUjwYaptOs4TN5cSy1q6LVLPWFgjKQ==",
        "dependencies": {
          "Microsoft.Extensions.Configuration": "10.0.3",
          "Microsoft.Extensions.Configuration.Abstractions": "10.0.3",
          "Microsoft.Extensions.Configuration.Binder": "10.0.3",
          "Microsoft.Extensions.Configuration.CommandLine": "10.0.3",
          "Microsoft.Extensions.Configuration.EnvironmentVariables": "10.0.3",
          "Microsoft.Extensions.Configuration.FileExtensions": "10.0.3",
          "Microsoft.Extensions.Configuration.Json": "10.0.3",
          "Microsoft.Extensions.Configuration.UserSecrets": "10.0.3",
          "Microsoft.Extensions.DependencyInjection": "10.0.3",
          "Microsoft.Extensions.DependencyInjection.Abstractions": "10.0.3",
          "Microsoft.Extensions.Diagnostics": "10.0.3",
          "Microsoft.Extensions.FileProviders.Abstractions": "10.0.3",
          "Microsoft.Extensions.FileProviders.Physical": "10.0.3",
          "Microsoft.Extensions.Hosting.Abstractions": "10.0.3",
          "Microsoft.Extensions.Logging": "10.0.3",
          "Microsoft.Extensions.Logging.Abstractions": "10.0.3",
          "Microsoft.Extensions.Logging.Configuration": "10.0.3",
          "Microsoft.Extensions.Logging.Console": "10.0.3",
          "Microsoft.Extensions.Logging.Debug": "10.0.3",
          "Microsoft.Extensions.Logging.EventLog": "10.0.3",
          "Microsoft.Extensions.Logging.EventSource": "10.0.3",
          "Microsoft.Extensions.Options": "10.0.3"
        }
      },
      "Microsoft.Extensions.TimeProvider.Testing": {
        "type": "Direct",
        "requested": "[10.3.0, )",
        "resolved": "10.3.0",
        "contentHash": "CKjS1u0JlMIA44o/0NV8nXRCaudpol3ERVlB9eu21kvq++EMt7fBavbPxWXN+nOpsdDhz/pb0MY2RBpk2/PGbA=="
      },
      "Microsoft.Sbom.Targets": {
        "type": "Direct",
        "requested": "[4.1.5, )",
        "resolved": "4.1.5",
        "contentHash": "i5z+cNu/cOcdO0AgFB8aXk8w6In2H+haaDfSgd9ImvQIK+rSHavHZIogVoAZLL8jLwYx4bAcs5b7EyuMMG4mQQ=="
      },
      "Microsoft.Testing.Extensions.AzureDevOpsReport": {
        "type": "Direct",
        "requested": "[2.1.0, )",
        "resolved": "2.1.0",
        "contentHash": "5G2L5FPSecj3lIxzyPIw44E0UYgXHvh2qqXL5DR05/Pz8uxvI1woX3Tcke0olkoBjw4tLiwcmBgKvG9Px8x+zA==",
        "dependencies": {
          "Microsoft.Testing.Platform": "2.1.0"
        }
      },
      "Microsoft.Testing.Extensions.CodeCoverage": {
        "type": "Direct",
        "requested": "[18.4.1, )",
        "resolved": "18.4.1",
        "contentHash": "l1VZM9dg9s76L5D288ipAT4HRYDJ6Vxh8wX20gfS9VnpueedRfN4/aGNn4oA1g6pwq2WSM3Ci7IoSSGPiqu+WQ==",
        "dependencies": {
          "Microsoft.DiaSymReader": "2.0.0",
          "Microsoft.Extensions.DependencyModel": "8.0.2",
          "Microsoft.Testing.Platform": "2.0.2"
        }
      },
      "Microsoft.Testing.Extensions.CrashDump": {
        "type": "Direct",
        "requested": "[2.1.0, )",
        "resolved": "2.1.0",
        "contentHash": "QaRrZAMA/KxhdxkTa9aULdOCq25gwI32nf2VL6oaM1cSN8JbRo131Uy6IC5wbaQbkob9octqVGWbO8XVx+HIVw==",
        "dependencies": {
          "Microsoft.Testing.Extensions.TrxReport.Abstractions": "2.1.0",
          "Microsoft.Testing.Platform": "2.1.0"
        }
      },
      "Microsoft.Testing.Extensions.Fakes": {
        "type": "Direct",
        "requested": "[18.1.1, )",
        "resolved": "18.1.1",
        "contentHash": "fSKTWESZz6X77hgi711WM07P1QTRDaH0NJwe9Uf77pXNpDEOsGTlFvaXNnbDbBwVWdfAkcyPaxUvQK5kwwQudw==",
        "dependencies": {
          "Microsoft.QualityTools.Testing.Fakes": "18.1.1",
          "Microsoft.Testing.Platform": "1.2.1"
        }
      },
      "Microsoft.Testing.Extensions.HangDump": {
        "type": "Direct",
        "requested": "[2.1.0, )",
        "resolved": "2.1.0",
        "contentHash": "j95vxIaHY8kz/ej0YxZ9DwLn+8QSl0MDvn8UEgj6eZxDu0+sQ2Iq/IlkULjWdnMRUzfe+cDPA8pTziLVXQJDzA==",
        "dependencies": {
          "Microsoft.Diagnostics.NETCore.Client": "0.2.607501",
          "Microsoft.Testing.Platform": "2.1.0"
        }
      },
      "Microsoft.Testing.Extensions.HotReload": {
        "type": "Direct",
        "requested": "[2.1.0, )",
        "resolved": "2.1.0",
        "contentHash": "Wvkm/UgaQ6DuNCemLiUKrWGsIl5YM8RxiruvowTWOu4wMofpKQMeSvPsMqjZXufQiqAaarLbuJgaWCSJTP5q4w==",
        "dependencies": {
          "Microsoft.Testing.Platform": "2.1.0"
        }
      },
      "Microsoft.Testing.Extensions.Retry": {
        "type": "Direct",
        "requested": "[2.1.0, )",
        "resolved": "2.1.0",
        "contentHash": "z/V4ghTSiNIwDMIdQlu3IqilL6LrRfHMcVwZmHaFqhxtjqqpfYZ0lSQvuu7EMlPq63imXe3fZBlvmDURxtHPTw==",
        "dependencies": {
          "Microsoft.Testing.Platform": "2.1.0"
        }
      },
      "Microsoft.Testing.Extensions.TrxReport": {
        "type": "Direct",
        "requested": "[2.1.0, )",
        "resolved": "2.1.0",
        "contentHash": "cXmP225WcMLLOSrW8xekaNhfzdBwXX3cbXbE5qSzmLbK0KZe3z8rAObKj70FWiPPPzm2W22x0ZW93gsmAfK6Mg==",
        "dependencies": {
          "Microsoft.Testing.Extensions.TrxReport.Abstractions": "2.1.0",
          "Microsoft.Testing.Platform": "2.1.0"
        }
      },
      "ModelContextProtocol": {
        "type": "Direct",
        "requested": "[0.5.0-preview.1, )",
        "resolved": "0.5.0-preview.1",
        "contentHash": "QJpuNEnMZLJmvASbZ2nvMqENTZk3HYF83IihoHs3EJ5vTlz4sYjji9bXh2HP5UxpXIdHGn0iuHu0X2Tpq2zilw==",
        "dependencies": {
          "Microsoft.Extensions.Hosting.Abstractions": "10.0.0",
          "ModelContextProtocol.Core": "0.5.0-preview.1"
        }
      },
      "MSTest.TestAdapter": {
        "type": "Direct",
        "requested": "[4.1.0, )",
        "resolved": "4.1.0",
        "contentHash": "bRW1Hftwq0XbcVExcAbj4YAfSZDRAziL0mygDkPBvaUe2nSsWFQIatze5lHVjPFJMvSFgWnItku4pguIy5FowQ==",
        "dependencies": {
          "MSTest.TestFramework": "4.1.0",
          "Microsoft.Testing.Extensions.VSTestBridge": "2.1.0",
          "Microsoft.Testing.Platform.MSBuild": "2.1.0"
        }
      },
      "MSTest.TestFramework": {
        "type": "Direct",
        "requested": "[4.1.0, )",
        "resolved": "4.1.0",
        "contentHash": "BzpvsK+CRbk6khwY62h+7HfYzIxtJXyPv9tOI9T90cy5CVy+WI1JkN4ZaNL4Dobqb6dywSwabLTIbPZKpdrr+A==",
        "dependencies": {
          "MSTest.Analyzers": "4.1.0"
        }
      },
      "SIL.ReleaseTasks": {
        "type": "Direct",
        "requested": "[3.2.0, )",
        "resolved": "3.2.0",
        "contentHash": "HvkX+pve8yGdG79ar1hHf+9Q9WirwFXMZSQqNSHulqd0Ev1CQwEcF0DQLM+UlExXZJkL7MyI+7wM6wicnWBBuw==",
        "dependencies": {
          "Markdig.Signed": "0.41.1",
          "Microsoft.Build.Tasks.Core": "17.14.28"
        }
      },
      "SimpleBase": {
        "type": "Direct",
        "requested": "[5.6.0, )",
        "resolved": "5.6.0",
        "contentHash": "1nNr/DCvcxTrQzN1gUnYzFpLkbAKcFYhF/aMK34jVxrPUjMwL/J3KNEp89M0WaW2k9FUpacxRe4BmjFFjOv3zw=="
      },
      "System.CommandLine": {
        "type": "Direct",
        "requested": "[2.0.3, )",
        "resolved": "2.0.3",
        "contentHash": "5nY9hlrGGFEmyecNUux58sohD2Q16U6jlFBYwH57b2IVUs+u7LfMFaHwOtw2tuIi8CUl6jKXw5s4FuIt9aLtug=="
      },
      "System.Security.Cryptography.ProtectedData": {
        "type": "Direct",
        "requested": "[10.0.3, )",
        "resolved": "10.0.3",
        "contentHash": "JCKbH/CN5l0CSoJBILEvJmNQVp5vV+FY3q2ue4K9p4eDT4mFEv0bjTQCV+MD6Qk1b/qk9fWmZZKhG1TklbXw1Q=="
      },
      "AngleSharp": {
        "type": "Transitive",
        "resolved": "1.4.0",
        "contentHash": "6ph8mpaQx0KL0COYRt0kI8MB9gSp1PtKijKMhJU//+aVFgKAJLKDesG/+26JSaVCOrHNgPf12wpfoyRcMYOeXg=="
      },
      "DotLiquid": {
        "type": "Transitive",
        "resolved": "2.1.405",
        "contentHash": "M8532wvCGiz2qb8N0BInwskNrpHOs9UvmcGuZt3yBdIIIccn+uNPGp6GEs2YUHxy0S7hbslElW1Vpyn70yI93Q=="
      },
      "dotNetRdf.Client": {
        "type": "Transitive",
        "resolved": "3.5.1",
        "contentHash": "Sqb3+uVz7yPU9Vt0mpya/sPst4iV6C+yYb9qiLRSF69YkYbxQpQ+pYG26Ks7Bii9aXPaDC9Fp8vKB1FMavoFJA==",
        "dependencies": {
          "dotNetRdf.Core": "3.5.1"
        }
      },
      "dotNetRdf.Core": {
        "type": "Transitive",
        "resolved": "3.5.1",
        "contentHash": "geBVQv2MaIoqhQ6rsLLKFp8Fop8gDjzzzRor60lC+mCiS5kcneqijuhitH0B7nUP/Ns/Jl1LtDsJDZLqGOSi2g==",
        "dependencies": {
          "AngleSharp": "1.4.0",
          "HtmlAgilityPack": "1.12.4",
          "Microsoft.Extensions.Configuration": "10.0.2",
          "Newtonsoft.Json": "13.0.4",
          "System.Configuration.ConfigurationManager": "10.0.2",
          "System.Reflection.TypeExtensions": "4.7.0",
          "VDS.Common": "3.0.0"
        }
      },
      "dotNetRdf.Data.DataTables": {
        "type": "Transitive",
        "resolved": "3.5.1",
        "contentHash": "ysV3VrOaLuJ8QzuqsMAsFmLMlDe9FutNnsFfoh4A3fTfXymUs0OvKP1M3bsHK26twCGFhEUazhjNl9MTlA29Kg==",
        "dependencies": {
          "dotNetRdf.Core": "3.5.1"
        }
      },
      "dotNetRdf.Dynamic": {
        "type": "Transitive",
        "resolved": "3.5.1",
        "contentHash": "kXAlM3L8FBhX0DoRPJ+1cvFmwUooanK9TYOKA90pfwqmgRPmFmAANSKgtjJWc3JqBQQktQEWnofXYdNkd3xEtA==",
        "dependencies": {
          "dotNetRdf.Core": "3.5.1"
        }
      },
      "dotNetRdf.Inferencing": {
        "type": "Transitive",
        "resolved": "3.5.1",
        "contentHash": "T1tNHLNhiXcMOX2r+eeBBjb6DakdVt4IMWFbcliV9w3D04Egqi/4yYlHf3ECmOij7o8qsDzjh9v7twdA0h5NpQ==",
        "dependencies": {
          "dotNetRdf.Ontology": "3.5.1"
        }
      },
      "dotNetRdf.Ldf": {
        "type": "Transitive",
        "resolved": "3.5.1",
        "contentHash": "USmBstE77ztBALox0ksXgm0lfFay7YQB+XdKP0m4kTKLGihqt8DRpzQm98PvbrzVbeX0Hb9Yn+jzRgGQhOPt7A==",
        "dependencies": {
          "Resta.UriTemplates": "1.4.0",
          "dotNetRdf.Core": "3.5.1"
        }
      },
      "dotNetRdf.Ontology": {
        "type": "Transitive",
        "resolved": "3.5.1",
        "contentHash": "MH9s12lrr40yMin0b9vUgzgKHRqBVucFp/MrLG745N3pdH2fIJg5kFY9zF/YnWVb2tgY0YPXjgScTrHPCpBvDA==",
        "dependencies": {
          "dotNetRdf.Core": "3.5.1"
        }
      },
      "dotNetRdf.Query.FullText": {
        "type": "Transitive",
        "resolved": "3.5.1",
        "contentHash": "calgDH+JDmTdy5KKeokdZQOBlkJl9nLGFWV5VgJwHCVg5Dfr4OUDi9LjKRDcwx66U3rcQQFNhFP/xVIkO7+UXA==",
        "dependencies": {
          "Lucene.Net": "4.8.0-beta00017",
          "Lucene.Net.QueryParser": "4.8.0-beta00017",
          "SharpZipLib": "1.4.2",
          "dotNetRdf.Core": "3.5.1"
        }
      },
      "dotNetRdf.Query.Spin": {
        "type": "Transitive",
        "resolved": "3.5.1",
        "contentHash": "vZXiH8SVtuPYaaN/nWeta85f9Us5ww3NAt525t8N9xJbgMU4NRRLGAozA6TENWJx4djoCMu7yupTZoRazyvgUQ==",
        "dependencies": {
          "dotNetRdf.Core": "3.5.1",
          "dotNetRdf.Inferencing": "3.5.1"
        }
      },
      "dotNetRdf.Shacl": {
        "type": "Transitive",
        "resolved": "3.5.1",
        "contentHash": "fYC0cwcqy4H/FWkcnwI4M1rBt3LCN6bm+JoxIGA9u/+phW805ik+ZiTfRkzleEjUuAHUmszaOMZFSyXCXg/gXA==",
        "dependencies": {
          "dotNetRdf.Core": "3.5.1"
        }
      },
      "dotNetRdf.Skos": {
        "type": "Transitive",
        "resolved": "3.5.1",
        "contentHash": "ePZBoDKTRhJpSWSLRJC2MuMqdEYZ9GhjmzhQ8CxaRHaJPr6mymEzQZCXVO/Z55+9t8vt7pMOQoWf5AkxLV3C+w==",
        "dependencies": {
          "dotNetRdf.Core": "3.5.1"
        }
      },
      "dotNetRdf.Writing.HtmlSchema": {
        "type": "Transitive",
        "resolved": "3.5.1",
        "contentHash": "u2HrgE+Gq96uwZ0wd+6yYxY2OZUwsX6u9VRjobSAfM59AbjqlyxQ3qjE4eMYsF5o9YX5hK6qAWEoGTF1IaPYaw==",
        "dependencies": {
          "dotNetRdf.Core": "3.5.1"
        }
      },
      "HtmlAgilityPack": {
        "type": "Transitive",
        "resolved": "1.12.4",
        "contentHash": "ljqvBabvFwKoLniuoQKO8b5bJfJweKLs4fUNS/V5dsvpo0A8MlJqxxn9XVmP2DaskbUXty6IYaWAi1SArGIMeQ=="
      },
      "J2N": {
        "type": "Transitive",
        "resolved": "2.1.0",
        "contentHash": "Vooz1wbnnqWuS+u93tADXK5Owxo8vLJhSrZ9Ac+KpgDF3GJq9TybXXTF1TFcWILgEtRThc8AOBENEzB0TQH1JA=="
      },
      "libsodium": {
        "type": "Transitive",
        "resolved": "1.0.20.1",
        "contentHash": "pkiceEqJDQFHjbga3k/oPfTVX9g+GKJZ1VrkuiLhaymt9YNw1Dr7cX9hNuZuNaWcr9WD0moW55k4pMwzQ7JaZQ=="
      },
      "LiquidTestReports.Core": {
        "type": "Transitive",
        "resolved": "1.4.3-beta",
        "contentHash": "zUiLpqoyNemwSRqUgE/7mtlYFuVxmiaLte6dFi9miShAqGVDfU08wAQpks1ovlGr7o1uKUTJCCsiTo82Gg65iQ==",
        "dependencies": {
          "DotLiquid": "2.1.405",
          "Microsoft.TestPlatform.ObjectModel": "16.9.1",
          "System.ComponentModel.Annotations": "5.0.0"
        }
      },
      "Lucene.Net": {
        "type": "Transitive",
        "resolved": "4.8.0-beta00017",
        "contentHash": "7LLWS9nNwx01AyE/KXMh+qdAlzDkRANE8407AO/wEmLL1InzVKFwfsRdRmwg4ILOMFui4xZ1Y54eqvzo3Tf9Vw==",
        "dependencies": {
          "J2N": "[2.1.0, 3.0.0)",
          "Microsoft.Extensions.Configuration.Abstractions": "8.0.0"
        }
      },
      "Lucene.Net.Analysis.Common": {
        "type": "Transitive",
        "resolved": "4.8.0-beta00017",
        "contentHash": "rPpmww/HgwEwhvfvZgdWITxFsWRoCEpP3+WQBFgbGxTn4eLDr3U/oFoe8KS+8jUNAl2+5atErDrW5JOcFG+gcQ==",
        "dependencies": {
          "Lucene.Net": "4.8.0-beta00017"
        }
      },
      "Lucene.Net.Queries": {
        "type": "Transitive",
        "resolved": "4.8.0-beta00017",
        "contentHash": "RVpZCfa/7pgvytFw64zLqinvZPQt4TojvcFghdAA5vhnpSs5GTbtciPIxFH3wwH3f2dYJywiqYKo1h3JBCXRBA==",
        "dependencies": {
          "Lucene.Net": "4.8.0-beta00017"
        }
      },
      "Lucene.Net.QueryParser": {
        "type": "Transitive",
        "resolved": "4.8.0-beta00017",
        "contentHash": "ZrF7EL06qB+2S2K4T3PliIa5EiJ5Ii7c/zFRMhsNozymz+HRHMVoI/nMYSdN6WF7X1Ef1DTeajMwvsbGTfl28Q==",
        "dependencies": {
          "Lucene.Net.Analysis.Common": "4.8.0-beta00017",
          "Lucene.Net.Queries": "4.8.0-beta00017",
          "Lucene.Net.Sandbox": "4.8.0-beta00017"
        }
      },
      "Lucene.Net.Sandbox": {
        "type": "Transitive",
        "resolved": "4.8.0-beta00017",
        "contentHash": "wRAzQZ4Z1yEuAaTwO+RrZB6l3Lz+vNGAiDshf0IjAr8qeVvQj74iodEcff4Bes88bnhqsWLUZlDUg/ygraxX2Q==",
        "dependencies": {
          "Lucene.Net": "4.8.0-beta00017"
        }
      },
      "Markdig.Signed": {
        "type": "Transitive",
        "resolved": "0.41.1",
        "contentHash": "vRSlilV2gcm769RDMe158oftaQN7FZpGe2roEEMGOXLcNUlmSbNUVppZIKaAFIQ/E575divDfoAV3yz6GL6R9Q=="
      },
      "Microsoft.ApplicationInsights": {
        "type": "Transitive",
        "resolved": "2.23.0",
        "contentHash": "nWArUZTdU7iqZLycLKWe0TDms48KKGE6pONH2terYNa8REXiqixrMOkf1sk5DHGMaUTqONU2YkS4SAXBhLStgw=="
      },
      "Microsoft.Build.Framework": {
        "type": "Transitive",
        "resolved": "17.14.28",
        "contentHash": "wRcyTzGV0LRAtFdrddtioh59Ky4/zbvyraP0cQkDzRSRkhgAQb0K88D/JNC6VHLIXanRi3mtV1jU0uQkBwmiVg=="
      },
      "Microsoft.Build.Tasks.Core": {
        "type": "Transitive",
        "resolved": "17.14.28",
        "contentHash": "jk3O0tXp9QWPXhLJ7Pl8wm/eGtGgA1++vwHGWEmnwMU6eP//ghtcCUpQh9CQMwEKGDnH0aJf285V1s8yiSlKfQ==",
        "dependencies": {
          "Microsoft.Build.Framework": "17.14.28",
          "Microsoft.Build.Utilities.Core": "17.14.28",
          "Microsoft.NET.StringTools": "17.14.28",
          "System.CodeDom": "9.0.0",
          "System.Configuration.ConfigurationManager": "9.0.0",
          "System.Diagnostics.EventLog": "9.0.0",
          "System.Formats.Nrbf": "9.0.0",
          "System.Resources.Extensions": "9.0.0",
          "System.Security.Cryptography.Pkcs": "9.0.0",
          "System.Security.Cryptography.ProtectedData": "9.0.0",
          "System.Security.Cryptography.Xml": "9.0.0"
        }
      },
      "Microsoft.Build.Utilities.Core": {
        "type": "Transitive",
        "resolved": "17.14.28",
        "contentHash": "rhSdPo8QfLXXWM+rY0x0z1G4KK4ZhMoIbHROyDj8MUBFab9nvHR0NaMnjzOgXldhmD2zi2ir8d6xCatNzlhF5g==",
        "dependencies": {
          "Microsoft.Build.Framework": "17.14.28",
          "Microsoft.NET.StringTools": "17.14.28",
          "System.Configuration.ConfigurationManager": "9.0.0",
          "System.Diagnostics.EventLog": "9.0.0",
          "System.Security.Cryptography.ProtectedData": "9.0.0"
        }
      },
      "Microsoft.Diagnostics.NETCore.Client": {
        "type": "Transitive",
        "resolved": "0.2.607501",
        "contentHash": "17Yxzao41A1oZZ5lCCAnnXOy9up5i/GVEGazBjJAUZ4UISsNAotUt6h7zvCDgfKIC46CD7jszgLzLZoscSIJQA==",
        "dependencies": {
          "Microsoft.Extensions.Logging.Abstractions": "6.0.4"
        }
      },
      "Microsoft.DiaSymReader": {
        "type": "Transitive",
        "resolved": "2.0.0",
        "contentHash": "QcZrCETsBJqy/vQpFtJc+jSXQ0K5sucQ6NUFbTNVHD4vfZZOwjZ/3sBzczkC4DityhD3AVO/+K/+9ioLs1AgRA=="
      },
      "Microsoft.Extensions.AI.Abstractions": {
        "type": "Transitive",
        "resolved": "10.0.0",
        "contentHash": "PHeuDm2tC6wJPEQvleUr2kNQaIMNqSf3aEbzkIPlZyQ0+0SYI9SwXVLdGD1NPBI+xB+Vb2lxZKhrFlIf9kP9WA=="
      },
      "Microsoft.Extensions.Caching.Abstractions": {
        "type": "Transitive",
        "resolved": "10.0.3",
        "contentHash": "5dtXBvI8t3z8pF4tB38JYgi/enCL/DwSXxpqShgFz3SHJ7IzqFIMs6Gu5ik8sNZzcO9qQs3xIDpB3vDamkYG+Q==",
        "dependencies": {
          "Microsoft.Extensions.Primitives": "10.0.3"
        }
      },
      "Microsoft.Extensions.Configuration": {
        "type": "Transitive",
        "resolved": "10.0.3",
        "contentHash": "H1Cjv2xmm7O3iAGmFTcnSM0ZhLQ/7SqefmAvSJoT1PbXoxeYc2fo0mCLn2JlVbr9E6YpoU9q/o0fI9neDJB0xQ==",
        "dependencies": {
          "Microsoft.Extensions.Configuration.Abstractions": "10.0.3",
          "Microsoft.Extensions.Primitives": "10.0.3"
        }
      },
      "Microsoft.Extensions.Configuration.Abstractions": {
        "type": "Transitive",
        "resolved": "10.0.3",
        "contentHash": "xVDHL0+SIgemfh95fTO9cGLe17TWv/ZP0n7m01z8X6pzt2DmQpucioWR/mYZA1sRlkWnkXzfl0JweLNWmE9WMg==",
        "dependencies": {
          "Microsoft.Extensions.Primitives": "10.0.3"
        }
      },
      "Microsoft.Extensions.Configuration.Binder": {
        "type": "Transitive",
        "resolved": "10.0.3",
        "contentHash": "759UhpKaR5Jsll9kXpkft4z/7tpeF7Dw2rTY/9f9JchaSQTpRFNIPkZFZvoo7fFpbjUaqtDlO5aiGpmQrp/EUA==",
        "dependencies": {
          "Microsoft.Extensions.Configuration": "10.0.3",
          "Microsoft.Extensions.Configuration.Abstractions": "10.0.3"
        }
      },
      "Microsoft.Extensions.Configuration.CommandLine": {
        "type": "Transitive",
        "resolved": "10.0.3",
        "contentHash": "qVytXuCHQCIJcOsJJnp+1mNCAtiWuLqI0qhCcByFuyxDifthefEWX3fVAXbaxn1lDP2iR1KH44Oq7tvmT7dBHg==",
        "dependencies": {
          "Microsoft.Extensions.Configuration": "10.0.3",
          "Microsoft.Extensions.Configuration.Abstractions": "10.0.3"
        }
      },
      "Microsoft.Extensions.Configuration.EnvironmentVariables": {
        "type": "Transitive",
        "resolved": "10.0.3",
        "contentHash": "jBm6bpc5OM2VHM/QYVUyD78xweFzble6UsIt7GUnQAwCm07hktFaUBtRfO7viLGg5qPbc4ByteNB7DeVAYNSfA==",
        "dependencies": {
          "Microsoft.Extensions.Configuration": "10.0.3",
          "Microsoft.Extensions.Configuration.Abstractions": "10.0.3"
        }
      },
      "Microsoft.Extensions.Configuration.FileExtensions": {
        "type": "Transitive",
        "resolved": "10.0.3",
        "contentHash": "/MLsBbLpwDxsU+7DDNwasf2mKrpMSOWEL377gNZTy5waFkCYvS3GVaLIz6bvikH4rAwHrCOxHw0t/5iCoImYCA==",
        "dependencies": {
          "Microsoft.Extensions.Configuration": "10.0.3",
          "Microsoft.Extensions.Configuration.Abstractions": "10.0.3",
          "Microsoft.Extensions.FileProviders.Abstractions": "10.0.3",
          "Microsoft.Extensions.FileProviders.Physical": "10.0.3",
          "Microsoft.Extensions.Primitives": "10.0.3"
        }
      },
      "Microsoft.Extensions.Configuration.Json": {
        "type": "Transitive",
        "resolved": "10.0.3",
        "contentHash": "mGGMOA9nkET8OVsQfS41o66eWkckBzNHJK6+5VbLQ2YdyqKphcv27uDZxLf4exSl+5QxLnHkN+W/4qEDgyvCPA==",
        "dependencies": {
          "Microsoft.Extensions.Configuration": "10.0.3",
          "Microsoft.Extensions.Configuration.Abstractions": "10.0.3",
          "Microsoft.Extensions.Configuration.FileExtensions": "10.0.3",
          "Microsoft.Extensions.FileProviders.Abstractions": "10.0.3"
        }
      },
      "Microsoft.Extensions.Configuration.UserSecrets": {
        "type": "Transitive",
        "resolved": "10.0.3",
        "contentHash": "f6FiscfqlLrNUR2x7XcMqMGz5ZFRwTvezZuebIn4v2ste0nL/sEZ7pdveDXqDyonVv/QTKT8vvIEqTQCczzsOg==",
        "dependencies": {
          "Microsoft.Extensions.Configuration.Abstractions": "10.0.3",
          "Microsoft.Extensions.Configuration.Json": "10.0.3",
          "Microsoft.Extensions.FileProviders.Abstractions": "10.0.3",
          "Microsoft.Extensions.FileProviders.Physical": "10.0.3"
        }
      },
      "Microsoft.Extensions.DependencyInjection": {
        "type": "Transitive",
        "resolved": "10.0.3",
        "contentHash": "2DLOmC0EkB2smVK8lPP1PIKEgL1arE3CMp9XSIQB/Y7ev5nnnyuM/PizKJ6QfLD08QCYoopSC9SFdbYglDomYg==",
        "dependencies": {
          "Microsoft.Extensions.DependencyInjection.Abstractions": "10.0.3"
        }
      },
      "Microsoft.Extensions.DependencyInjection.Abstractions": {
        "type": "Transitive",
        "resolved": "10.0.3",
        "contentHash": "bwGMrRcAMWx2s/RDgja97p27rxSz2pEQW0+rX5cWAUWVETVJ/eyxGfjAl8vuG5a+lckWmPIE+vcuaZNVB5YDdw=="
      },
      "Microsoft.Extensions.DependencyModel": {
        "type": "Transitive",
        "resolved": "8.0.2",
        "contentHash": "mUBDZZRgZrSyFOsJ2qJJ9fXfqd/kXJwf3AiDoqLD9m6TjY5OO/vLNOb9fb4juC0487eq4hcGN/M2Rh/CKS7QYw=="
      },
      "Microsoft.Extensions.Diagnostics": {
        "type": "Transitive",
        "resolved": "10.0.3",
        "contentHash": "tc0R6i2T+138taoxFPQXb7Sy/4rtq4ytoJrAt4fNGs6k89mHpEhZnXUNgaFKwwb5Ud5rIUeLC6tfpsuHNwiWqg==",
        "dependencies": {
          "Microsoft.Extensions.Configuration": "10.0.3",
          "Microsoft.Extensions.Diagnostics.Abstractions": "10.0.3",
          "Microsoft.Extensions.Options.ConfigurationExtensions": "10.0.3"
        }
      },
      "Microsoft.Extensions.Diagnostics.Abstractions": {
        "type": "Transitive",
        "resolved": "10.0.3",
        "contentHash": "mQiTzAj7PIJ2A9YXR5QhgulS1fTWhmQc3ckd1Mrf3hKW07d03fBDqx8vVaFw+cRTebDOeB6pNqdWdnRxsi1hBA==",
        "dependencies": {
          "Microsoft.Extensions.DependencyInjection.Abstractions": "10.0.3",
          "Microsoft.Extensions.Options": "10.0.3"
        }
      },
      "Microsoft.Extensions.FileProviders.Abstractions": {
        "type": "Transitive",
        "resolved": "10.0.3",
        "contentHash": "4TD9AXDRsipTmaemwnjt/DM5Ri0de2JzHQhvZ4woBTjUtL4XrPNsMrOk5oiLJAx1gTrE6pOIhxv+lEde5F6CZA==",
        "dependencies": {
          "Microsoft.Extensions.Primitives": "10.0.3"
        }
      },
      "Microsoft.Extensions.FileProviders.Physical": {
        "type": "Transitive",
        "resolved": "10.0.3",
        "contentHash": "8qLl5LXtcj6Z8yPbHAA/a57fvvl9nUCdi59AJFuixcWM4wSuENZ8jjoRATOKs/I4vOi/bDe0d5LqGSSLE634eA==",
        "dependencies": {
          "Microsoft.Extensions.FileProviders.Abstractions": "10.0.3",
          "Microsoft.Extensions.FileSystemGlobbing": "10.0.3",
          "Microsoft.Extensions.Primitives": "10.0.3"
        }
      },
      "Microsoft.Extensions.FileSystemGlobbing": {
        "type": "Transitive",
        "resolved": "10.0.3",
        "contentHash": "oM7pl8uJz8WRPRlh4AGQS61aeV9GOfTu89yqTiRSYyyMuCNVkbNra9zEk7ApyJ/sZrUpbjOZCRHuitCEsTWghg=="
      },
      "Microsoft.Extensions.Hosting.Abstractions": {
        "type": "Transitive",
        "resolved": "10.0.3",
        "contentHash": "GdMpC10Jf6poxSvUJ4lgYpJ5F/kJeaAoJmrPufjBoPYyCTKKY5Dyl0rZA+LBNvFqTq1cZa/lhlptlUhNvU6xrg==",
        "dependencies": {
          "Microsoft.Extensions.Configuration.Abstractions": "10.0.3",
          "Microsoft.Extensions.DependencyInjection.Abstractions": "10.0.3",
          "Microsoft.Extensions.Diagnostics.Abstractions": "10.0.3",
          "Microsoft.Extensions.FileProviders.Abstractions": "10.0.3",
          "Microsoft.Extensions.Logging.Abstractions": "10.0.3"
        }
      },
      "Microsoft.Extensions.Logging": {
        "type": "Transitive",
        "resolved": "10.0.3",
        "contentHash": "8D9Er1cGXNjNDIB+VLBNHn386L5ls2FoiG9a6o12gyn+GG3w6jdfUhzT8dtBnKcevE7/fsVA8MS3FBgFfClFtQ==",
        "dependencies": {
          "Microsoft.Extensions.DependencyInjection": "10.0.3",
          "Microsoft.Extensions.Logging.Abstractions": "10.0.3",
          "Microsoft.Extensions.Options": "10.0.3"
        }
      },
      "Microsoft.Extensions.Logging.Abstractions": {
        "type": "Transitive",
        "resolved": "10.0.3",
        "contentHash": "lxl0WLk7ROgBFAsjcOYjQ8/DVK+VMszxGBzUhgtQmAsTNldLL5pk9NG/cWTsXHq0lUhUEAtZkEE7jOGOA8bGKQ==",
        "dependencies": {
          "Microsoft.Extensions.DependencyInjection.Abstractions": "10.0.3"
        }
      },
      "Microsoft.Extensions.Logging.Configuration": {
        "type": "Transitive",
        "resolved": "10.0.3",
        "contentHash": "PBlaoYeusaxNYyN4WFjzcXWlUDSvLUPxy/e6oP1SONOOYA/oBWT2uBmFGJMV9VTtXiXXxCB39LqlYWbsWE4UKA==",
        "dependencies": {
          "Microsoft.Extensions.Configuration": "10.0.3",
          "Microsoft.Extensions.Configuration.Abstractions": "10.0.3",
          "Microsoft.Extensions.Configuration.Binder": "10.0.3",
          "Microsoft.Extensions.DependencyInjection.Abstractions": "10.0.3",
          "Microsoft.Extensions.Logging": "10.0.3",
          "Microsoft.Extensions.Logging.Abstractions": "10.0.3",
          "Microsoft.Extensions.Options": "10.0.3",
          "Microsoft.Extensions.Options.ConfigurationExtensions": "10.0.3"
        }
      },
      "Microsoft.Extensions.Logging.Console": {
        "type": "Transitive",
        "resolved": "10.0.3",
        "contentHash": "7sRvbBH3icaV9qil8fyBKmR+yEZ0yDU6Bq/KgBwswS36164yGaxbf7Kd4hD1iHZ2GfvyoJWWqBUBm9QX/IASAQ==",
        "dependencies": {
          "Microsoft.Extensions.DependencyInjection.Abstractions": "10.0.3",
          "Microsoft.Extensions.Logging": "10.0.3",
          "Microsoft.Extensions.Logging.Abstractions": "10.0.3",
          "Microsoft.Extensions.Logging.Configuration": "10.0.3",
          "Microsoft.Extensions.Options": "10.0.3"
        }
      },
      "Microsoft.Extensions.Logging.Debug": {
        "type": "Transitive",
        "resolved": "10.0.3",
        "contentHash": "OoH8AcYCq74ab5XUIQc84CZk54G/cU+JztiMXgNKGkomJOeuistTMg0PWPC4VXXMSVBEGWJuMDEBttOrHyXe8w==",
        "dependencies": {
          "Microsoft.Extensions.DependencyInjection.Abstractions": "10.0.3",
          "Microsoft.Extensions.Logging": "10.0.3",
          "Microsoft.Extensions.Logging.Abstractions": "10.0.3"
        }
      },
      "Microsoft.Extensions.Logging.EventLog": {
        "type": "Transitive",
        "resolved": "10.0.3",
        "contentHash": "1V1oRR+0DKyetPKI4POn7+jXH4kI1D69R/Rjje/4/BSkTM2iUCsRkr7Q0gDyXayhCXgPEf/P19kgwN5t0s/p8w==",
        "dependencies": {
          "Microsoft.Extensions.DependencyInjection.Abstractions": "10.0.3",
          "Microsoft.Extensions.Logging": "10.0.3",
          "Microsoft.Extensions.Logging.Abstractions": "10.0.3",
          "Microsoft.Extensions.Options": "10.0.3",
          "System.Diagnostics.EventLog": "10.0.3"
        }
      },
      "Microsoft.Extensions.Logging.EventSource": {
        "type": "Transitive",
        "resolved": "10.0.3",
        "contentHash": "r2hIVkSrb+f8FqcguHqlzyQ8lNGCtWsOPY9+OzJinrqdzQfszS8fXkHVcNHW4uK6WFxI2tPSiGdms2SeRJq8hg==",
        "dependencies": {
          "Microsoft.Extensions.DependencyInjection.Abstractions": "10.0.3",
          "Microsoft.Extensions.Logging": "10.0.3",
          "Microsoft.Extensions.Logging.Abstractions": "10.0.3",
          "Microsoft.Extensions.Options": "10.0.3",
          "Microsoft.Extensions.Primitives": "10.0.3"
        }
      },
      "Microsoft.Extensions.Options": {
        "type": "Transitive",
        "resolved": "10.0.3",
        "contentHash": "hU6WzGTPvPoLA2ng1ILvWQb3g0qORdlHNsxI8IcPLumJb3suimYUl+bbDzdo1V4KFsvVhnMWzysHpKbZaoDQPQ==",
        "dependencies": {
          "Microsoft.Extensions.DependencyInjection.Abstractions": "10.0.3",
          "Microsoft.Extensions.Primitives": "10.0.3"
        }
      },
      "Microsoft.Extensions.Options.ConfigurationExtensions": {
        "type": "Transitive",
        "resolved": "10.0.3",
        "contentHash": "bn6QoBbbvwmzLIFyxrnL2/e+sqoNUOGbHyfWK9DPONMv1mDCYHm/C7MusYASM31b2lUx6OiDmonb3v+dv5t0nA==",
        "dependencies": {
          "Microsoft.Extensions.Configuration.Abstractions": "10.0.3",
          "Microsoft.Extensions.Configuration.Binder": "10.0.3",
          "Microsoft.Extensions.DependencyInjection.Abstractions": "10.0.3",
          "Microsoft.Extensions.Options": "10.0.3",
          "Microsoft.Extensions.Primitives": "10.0.3"
        }
      },
      "Microsoft.Extensions.Primitives": {
        "type": "Transitive",
        "resolved": "10.0.3",
        "contentHash": "GEcpTwo7sUoLGGNTqV1FZEuL+tTD9m81NX/mh099dqGNna07/UGZShKQNZRw4hv6nlliSUwYQgSYc7OR99Jufg=="
      },
      "Microsoft.NET.StringTools": {
        "type": "Transitive",
        "resolved": "17.14.28",
        "contentHash": "DMIeWDlxe0Wz0DIhJZ2FMoGQAN2yrGZOi5jjFhRYHWR5ONd0CS6IpAHlRnA7uA/5BF+BADvgsETxW2XrPiFc1A=="
      },
      "Microsoft.QualityTools.Testing.Fakes": {
        "type": "Transitive",
        "resolved": "18.1.1",
        "contentHash": "xma7D9ZX4EtbBEUNj29toDfM7nVKZM3Wd9NjjoWcF6SwZZ9EWh7W/WUK1AdPy73cRG8S/e5PTrsxqFZA52/aHg==",
        "dependencies": {
          "System.Security.Permissions": "8.0.0"
        }
      },
      "Microsoft.Testing.Extensions.Telemetry": {
        "type": "Transitive",
        "resolved": "2.1.0",
        "contentHash": "5TwgTx2u7k9Al/xbZ18QXq4Hdy2xewkVTI6K3sk+jY2ykqUkIKNuj7rFu3GOV5KnEUkevhw6eZcyZs77STHJIA==",
        "dependencies": {
          "Microsoft.ApplicationInsights": "2.23.0",
          "Microsoft.Testing.Platform": "2.1.0"
        }
      },
      "Microsoft.Testing.Extensions.TrxReport.Abstractions": {
        "type": "Transitive",
        "resolved": "2.1.0",
        "contentHash": "D8xmIJYQFJ6D49Rx5/vPrkZZxb338Jkew+eSqZLBfBiWKw4QZKy3i1BOXiLfz0lOmaNErwDz/YWRojCdNl+B9Q==",
        "dependencies": {
          "Microsoft.Testing.Platform": "2.1.0"
        }
      },
      "Microsoft.Testing.Extensions.VSTestBridge": {
        "type": "Transitive",
        "resolved": "2.1.0",
        "contentHash": "bNRIEA2YoGr+Y+7LHdA7i1U80+7BAdf4K4Qh4Kx6eKkoBK/NV7QpoMg+GWPP0/eqAFzuUmUOIPVZ87Oo0Vyxmw==",
        "dependencies": {
          "Microsoft.TestPlatform.ObjectModel": "18.0.1",
          "Microsoft.Testing.Extensions.Telemetry": "2.1.0",
          "Microsoft.Testing.Extensions.TrxReport.Abstractions": "2.1.0",
          "Microsoft.Testing.Platform": "2.1.0"
        }
      },
      "Microsoft.Testing.Platform": {
        "type": "Transitive",
        "resolved": "2.1.0",
        "contentHash": "aHkjNTGIA+Zbdw6RJgSFrbDrCjO0CgqpElqYcvkRSeUhBv2bKarnvU3ep786U7UqrPlArT/B7VmImRibJD0Zrg=="
      },
      "Microsoft.Testing.Platform.MSBuild": {
        "type": "Transitive",
        "resolved": "2.1.0",
        "contentHash": "UpfPebXQtHGrWz21+YLHmJSm+5zsuPE9U9pfdCtoB+67g75fDmWlNgpkH2ZmdVhSwkjNIed9Icg8Iu63z2ei5Q==",
        "dependencies": {
          "Microsoft.Testing.Platform": "2.1.0"
        }
      },
      "Microsoft.TestPlatform.ObjectModel": {
        "type": "Transitive",
        "resolved": "18.0.1",
        "contentHash": "qT/mwMcLF9BieRkzOBPL2qCopl8hQu6A1P7JWAoj/FMu5i9vds/7cjbJ/LLtaiwWevWLAeD5v5wjQJ/l6jvhWQ=="
      },
      "ModelContextProtocol.Core": {
        "type": "Transitive",
        "resolved": "0.5.0-preview.1",
        "contentHash": "33V1Druluweou6x2LN6MSMbhiwHOYZxTUEJ1okFKjYDRIthctTVe0EJi//nifl4MRld2b5D5LnuV9sezz54p6g==",
        "dependencies": {
          "Microsoft.Extensions.AI.Abstractions": "10.0.0",
          "Microsoft.Extensions.Logging.Abstractions": "10.0.0"
        }
      },
      "MSTest.Analyzers": {
        "type": "Transitive",
        "resolved": "4.1.0",
        "contentHash": "4ElL/aqomiUInr090VN4udqz46AuszXLrifHkLrgj0zb7na8eAoyUQt3BwDLTcGd1bSkmk3SfD02rZtKU+ZiqQ=="
      },
      "Newtonsoft.Json": {
        "type": "Transitive",
        "resolved": "13.0.4",
        "contentHash": "pdgNNMai3zv51W5aq268sujXUyx7SNdE2bj1wZcWjAQrKMFZV260lbqYop1d2GM67JI1huLRwxo9ZqnfF/lC6A=="
      },
      "Resta.UriTemplates": {
        "type": "Transitive",
        "resolved": "1.4.0",
        "contentHash": "51tStewZPTrXHdc7iVxM9DBk/B7fs3fntQKF1ytLZ2Vx5EMGqD1tKYlFHIfcyT4jLjTXhApZGQEraANYJSx5WA=="
      },
      "SharpZipLib": {
        "type": "Transitive",
        "resolved": "1.4.2",
        "contentHash": "yjj+3zgz8zgXpiiC3ZdF/iyTBbz2fFvMxZFEBPUcwZjIvXOf37Ylm+K58hqMfIBt5JgU/Z2uoUS67JmTLe973A=="
      },
      "System.CodeDom": {
        "type": "Transitive",
        "resolved": "9.0.0",
        "contentHash": "oTE5IfuMoET8yaZP/vdvy9xO47guAv/rOhe4DODuFBN3ySprcQOlXqO3j+e/H/YpKKR5sglrxRaZ2HYOhNJrqA=="
      },
      "System.ComponentModel.Annotations": {
        "type": "Transitive",
        "resolved": "5.0.0",
        "contentHash": "dMkqfy2el8A8/I76n2Hi1oBFEbG1SfxD2l5nhwXV3XjlnOmwxJlQbYpJH4W51odnU9sARCSAgv7S3CyAFMkpYg=="
      },
      "System.Configuration.ConfigurationManager": {
        "type": "Transitive",
        "resolved": "10.0.2",
        "contentHash": "UpBPpVzF+xbB3GsBrraPvlYCwUiOhs+RLxnTMKLqDs2gNNaAtxQRlKjXfMV3zxE+hiQkGId5olZ+9tE6xXHdwQ==",
        "dependencies": {
          "System.Diagnostics.EventLog": "10.0.2",
          "System.Security.Cryptography.ProtectedData": "10.0.2"
        }
      },
      "System.Diagnostics.EventLog": {
        "type": "Transitive",
        "resolved": "10.0.3",
        "contentHash": "+bZnyzt0/vt4g3QSllhsRNGTpa09p7Juy5K8spcK73cOTOefu4+HoY89hZOgIOmzB5A4hqPyEDKnzra7KKnhZw=="
      },
      "System.Formats.Nrbf": {
        "type": "Transitive",
        "resolved": "9.0.0",
        "contentHash": "F/6tNE+ckmdFeSQAyQo26bQOqfPFKEfZcuqnp4kBE6/7jP26diP+QTHCJJ6vpEfaY6bLy+hBLiIQUSxSmNwLkA=="
      },
      "System.Reflection.TypeExtensions": {
        "type": "Transitive",
        "resolved": "4.7.0",
        "contentHash": "VybpaOQQhqE6siHppMktjfGBw1GCwvCqiufqmP8F1nj7fTUNtW35LOEt3UZTEsECfo+ELAl/9o9nJx3U91i7vA=="
      },
      "System.Resources.Extensions": {
        "type": "Transitive",
        "resolved": "9.0.0",
        "contentHash": "tvhuT1D2OwPROdL1kRWtaTJliQo0WdyhvwDpd8RM997G7m3Hya5nhbYhNTS75x6Vu+ypSOgL5qxDCn8IROtCxw==",
        "dependencies": {
          "System.Formats.Nrbf": "9.0.0"
        }
      },
      "System.Security.Cryptography.Pkcs": {
        "type": "Transitive",
        "resolved": "9.0.0",
        "contentHash": "8tluJF8w9si+2yoHeL8rgVJS6lKvWomTDC8px65Z8MCzzdME5eaPtEQf4OfVGrAxB5fW93ncucy1+221O9EQaw=="
      },
      "System.Security.Cryptography.Xml": {
        "type": "Transitive",
        "resolved": "9.0.0",
        "contentHash": "GQZn5wFd+pyOfwWaCbqxG7trQ5ox01oR8kYgWflgtux4HiUNihGEgG2TktRWyH+9bw7NoEju1D41H/upwQeFQw==",
        "dependencies": {
          "System.Security.Cryptography.Pkcs": "9.0.0"
        }
      },
      "System.Security.Permissions": {
        "type": "Transitive",
        "resolved": "8.0.0",
        "contentHash": "v/BBylw7XevuAsHXoX9dDUUfmBIcUf7Lkz8K3ZXIKz3YRKpw8YftpSir4n4e/jDTKFoaK37AsC3xnk+GNFI1Ow==",
        "dependencies": {
          "System.Windows.Extensions": "8.0.0"
        }
      },
      "System.Windows.Extensions": {
        "type": "Transitive",
        "resolved": "8.0.0",
        "contentHash": "Obg3a90MkOw9mYKxrardLpY2u0axDMrSmy4JCdq2cYbelM2cUwmUir5Bomvd1yxmPL9h5LVHU1tuKBZpUjfASg=="
      },
      "VDS.Common": {
        "type": "Transitive",
        "resolved": "3.0.0",
        "contentHash": "fFYBEVmVlyoeq2dhjM8OR3OCr+ZNCL8E7nEePCZyH2BVo3ky5lHZZiF0PcWwOJmRTyIA/6c0716DfHKNB5oKKg=="
      },
      "verifiable": {
        "type": "Project",
        "dependencies": {
          "Microsoft.Extensions.Hosting": "[10.0.3, )",
          "ModelContextProtocol": "[0.5.0-preview.1, )",
          "SimpleBase": "[5.6.0, )",
          "System.CommandLine": "[2.0.3, )",
          "Verifiable.Core": "[0.0.0, )",
          "Verifiable.Tpm": "[0.0.0, )",
          "dotNetRdf": "[3.5.1, )"
        }
      },
      "verifiable.bouncycastle": {
        "type": "Project",
        "dependencies": {
          "BouncyCastle.Cryptography": "[2.6.2, )",
          "Verifiable.Core": "[0.0.0, )"
        }
      },
      "verifiable.cbor": {
        "type": "Project",
        "dependencies": {
          "System.Formats.Cbor": "[10.0.3, )",
          "Verifiable.Core": "[0.0.0, )",
          "Verifiable.JCose": "[0.0.0, )"
        }
      },
      "verifiable.core": {
        "type": "Project",
        "dependencies": {
          "Verifiable.JCose": "[0.0.0, )",
          "Verifiable.JsonPointer": "[0.0.0, )"
        }
      },
      "verifiable.cryptography": {
        "type": "Project"
      },
      "verifiable.jcose": {
        "type": "Project",
        "dependencies": {
          "Verifiable.Cryptography": "[0.0.0, )"
        }
      },
      "verifiable.json": {
        "type": "Project",
        "dependencies": {
          "Verifiable.Core": "[0.0.0, )",
          "Verifiable.JCose": "[0.0.0, )",
          "Verifiable.JsonPointer": "[0.0.0, )"
        }
      },
      "verifiable.jsonpointer": {
        "type": "Project"
      },
      "verifiable.microsoft": {
        "type": "Project",
        "dependencies": {
          "System.Security.Cryptography.ProtectedData": "[10.0.3, )",
          "Verifiable.Core": "[0.0.0, )"
        }
      },
      "verifiable.nsec": {
        "type": "Project",
        "dependencies": {
          "NSec.Cryptography": "[25.4.0, )",
          "Verifiable.Core": "[0.0.0, )"
        }
      },
      "verifiable.oauth": {
        "type": "Project",
        "dependencies": {
          "Verifiable.Core": "[0.0.0, )",
          "Verifiable.JCose": "[0.0.0, )"
        }
      },
      "verifiable.sidetree": {
        "type": "Project",
        "dependencies": {
          "Verifiable.Core": "[0.0.0, )"
        }
      },
      "verifiable.tpm": {
        "type": "Project",
        "dependencies": {
          "Verifiable.Cryptography": "[0.0.0, )",
          "Verifiable.Json": "[0.0.0, )"
        }
      },
      "BouncyCastle.Cryptography": {
        "type": "CentralTransitive",
        "requested": "[2.6.2, )",
        "resolved": "2.6.2",
        "contentHash": "7oWOcvnntmMKNzDLsdxAYqApt+AjpRpP2CShjMfIa3umZ42UQMvH0tl1qAliYPNYO6vTdcGMqnRrCPmsfzTI1w=="
      },
      "NSec.Cryptography": {
        "type": "CentralTransitive",
        "requested": "[25.4.0, )",
        "resolved": "25.4.0",
        "contentHash": "Z3wPpG0xefMLmhn9T+Ka/EzAmMQPT0THL/5E4lf9cXI/N9rbGH0G23ZFpRcPnD0ast2k7ieG6QSVNIjmfPCXBQ==",
        "dependencies": {
          "libsodium": "[1.0.20.1, 1.0.21)"
        }
      },
      "System.Formats.Cbor": {
        "type": "CentralTransitive",
        "requested": "[10.0.3, )",
        "resolved": "10.0.3",
        "contentHash": "DDZ35q+Wl6VuMjzkLAiQU2lDAIQQ5Atb1E3yh05hgs/AaM+a0QsWcqaz/EYO3pFsP2ck0QKYZEewbokT62JjxQ=="
      }
    }
  }
}