{
  "version": 1,
  "dependencies": {
    ".NETCoreApp,Version=v5.0": {
      "SimpleBase": {
        "type": "Direct",
        "requested": "[3.1.0, )",
        "resolved": "3.1.0",
        "contentHash": "nt2rFfQC/FOLvLP6/eFx2C3Z+SuZdynPkrgskGposuAGGVCnvAqYy/8yafOlrV95YDFmuo6fSHaqVlbv6Lfj/Q==",
        "dependencies": {
          "System.Memory": "4.5.4"
        }
      },
      "System.Collections.Immutable": {
        "type": "Direct",
        "requested": "[5.0.0, )",
        "resolved": "5.0.0",
        "contentHash": "FXkLXiK0sVVewcso0imKQoOxjoPAj42R8HtjjbSjVPAzwDfzoyoznWxgA3c38LDbN9SJux1xXoXYAhz98j7r2g=="
      },
      "System.Text.Json": {
        "type": "Direct",
        "requested": "[6.0.0-preview.4.21253.7, )",
        "resolved": "6.0.0-preview.4.21253.7",
        "contentHash": "D94kFB9OiGY/4jopDtltjTDHIKGrNsCtcSgTDfrdckvwVuJUj0rZhp0Ln+mCqrQhMu9Ovw9+662nzREvK59jBQ==",
        "dependencies": {
          "System.Runtime.CompilerServices.Unsafe": "6.0.0-preview.4.21253.7",
          "System.Text.Encodings.Web": "6.0.0-preview.4.21253.7"
        }
      },
      "System.Memory": {
        "type": "Transitive",
        "resolved": "4.5.4",
        "contentHash": "1MbJTHS1lZ4bS4FmsJjnuGJOu88ZzTT2rLvrhW7Ygic+pC0NWA+3hgAen0HRdsocuQXCkUTdFn9yHJJhsijDXw=="
      },
      "System.Runtime.CompilerServices.Unsafe": {
        "type": "Transitive",
        "resolved": "6.0.0-preview.4.21253.7",
        "contentHash": "rOTMSKPvs0Wgmne/DaGxFUiD4gcvzzEUvgPtRbJ3MQHVK2wIgNlQUyMPt8Ny6RwzNo5odbfDpwNZy4cfkkc7mA=="
      },
      "System.Text.Encodings.Web": {
        "type": "Transitive",
        "resolved": "6.0.0-preview.4.21253.7",
        "contentHash": "sRlQ4c89S6KG/eq51+0ek3sBTRdJPSYT+ggw2qBOd3Ho0brxsbjV++3OFUALXsLOpRf227QbeWxD8HPEvD0tSg=="
      }
    }
  }
}