{
  "version": 2,
  "dependencies": {
    "net10.0": {
      "Microsoft.Sbom.Targets": {
        "type": "Direct",
        "requested": "[4.1.5, )",
        "resolved": "4.1.5",
        "contentHash": "i5z+cNu/cOcdO0AgFB8aXk8w6In2H+haaDfSgd9ImvQIK+rSHavHZIogVoAZLL8jLwYx4bAcs5b7EyuMMG4mQQ=="
      },
      "SIL.ReleaseTasks": {
        "type": "Direct",
        "requested": "[3.1.1, )",
        "resolved": "3.1.1",
        "contentHash": "BWULTEG3k1wMABRXYEBT7UfhrjJwgBLEkcYjNTa3CnmpUE+QCtoeW8WytbvIQNJHkvg0uggl1goWFXe6w6jcAA==",
        "dependencies": {
          "Markdig.Signed": "0.37.0"
        }
      },
      "Markdig.Signed": {
        "type": "Transitive",
        "resolved": "0.37.0",
        "contentHash": "J7Mt1QjKijE7aAK81u5nt4SYPYEvt1odfr4ddMvyOscyNT3PoGfHKKTBB5VBSXJrWZWhfJlcG7hHBLiqawg+nw=="
      },
      "verifiable.core": {
        "type": "Project",
        "dependencies": {
          "SimpleBase": "[5.6.0, )",
          "Verifiable.JCose": "[0.0.0, )"
        }
      },
      "verifiable.cryptography": {
        "type": "Project"
      },
      "verifiable.jcose": {
        "type": "Project",
        "dependencies": {
          "Verifiable.Cryptography": "[0.0.0, )"
        }
      },
      "SimpleBase": {
        "type": "CentralTransitive",
        "requested": "[5.6.0, )",
        "resolved": "5.6.0",
        "contentHash": "1nNr/DCvcxTrQzN1gUnYzFpLkbAKcFYhF/aMK34jVxrPUjMwL/J3KNEp89M0WaW2k9FUpacxRe4BmjFFjOv3zw=="
      }
    }
  }
}