{
  "version": 2,
  "dependencies": {
    "net9.0": {
      "SIL.ReleaseTasks": {
        "type": "Direct",
        "requested": "[3.0.0, )",
        "resolved": "3.0.0",
        "contentHash": "DR0X2IORUVD2gFQCrokzqR0UEaGkVwsuqPOFKdI0BcJN7I1IJxdh6yB2WTMhGIfGg1la5PQDxe7gVotgWyB2jQ==",
        "dependencies": {
          "Markdig.Signed": "0.37.0"
        }
      },
      "Markdig.Signed": {
        "type": "Transitive",
        "resolved": "0.37.0",
        "contentHash": "J7Mt1QjKijE7aAK81u5nt4SYPYEvt1odfr4ddMvyOscyNT3PoGfHKKTBB5VBSXJrWZWhfJlcG7hHBLiqawg+nw=="
      },
      "System.IO.Pipelines": {
        "type": "Transitive",
        "resolved": "10.0.0-preview.1.25080.5",
        "contentHash": "nks5yfev/2sY3ARiirjmKxsJEwRJU1DbRoaDzaUY1s3qlwbtMYxtvURHL412Cc4/yS/LLXkJDDFhlf/8ez9hiQ=="
      },
      "System.Text.Encodings.Web": {
        "type": "Transitive",
        "resolved": "10.0.0-preview.1.25080.5",
        "contentHash": "/LR6KfqoKcSnQoy23ksnvuGPakvc+YFRRkF1QZGDWbmqV4faVqYfA+C+uEgKCg1xGerdz9/IECorP8qCU7wlDA=="
      },
      "verifiable.core": {
        "type": "Project",
        "dependencies": {
          "SimpleBase": "[4.0.2, )",
          "System.Collections.Immutable": "[10.0.0-preview.1.25080.5, )",
          "System.Text.Json": "[10.0.0-preview.1.25080.5, )",
          "Verifiable.Jwt": "[0.0.0, )"
        }
      },
      "verifiable.jwt": {
        "type": "Project"
      },
      "SimpleBase": {
        "type": "CentralTransitive",
        "requested": "[4.0.2, )",
        "resolved": "4.0.2",
        "contentHash": "sNKHP2Qzy4DafamgH44UGg1YeyHFT08AMgHPraxYt4CVBoHHYD5f0MjbBfdmtGca69xikPU5aV8H+MMP7ZnfIg=="
      },
      "System.Collections.Immutable": {
        "type": "CentralTransitive",
        "requested": "[10.0.0-preview.1.25080.5, )",
        "resolved": "10.0.0-preview.1.25080.5",
        "contentHash": "3FQAjtxoXNSvkxTfOzIaXbA32Q9h/J6Llw0PNPJ4CQhYsRB//4XKkNaD4w/ez0qpGh/TLUMMHQwT7p6RsRjIAQ=="
      },
      "System.Text.Json": {
        "type": "CentralTransitive",
        "requested": "[10.0.0-preview.1.25080.5, )",
        "resolved": "10.0.0-preview.1.25080.5",
        "contentHash": "XVbVg2JanV9rnxiTxm11g2OKbZXPB0zOoX0ATtHdhLqC7x/DQJC6FDlg1amjYaEvKz4sIV3veBlo/lCShwzK7A==",
        "dependencies": {
          "System.IO.Pipelines": "10.0.0-preview.1.25080.5",
          "System.Text.Encodings.Web": "10.0.0-preview.1.25080.5"
        }
      }
    }
  }
}