{
  "version": 2,
  "dependencies": {
    "net11.0": {
      "BenchmarkDotNet": {
        "type": "Direct",
        "requested": "[0.15.8, )",
        "resolved": "0.15.8",
        "contentHash": "paCfrWxSeHqn3rUZc0spYXVFnHCF0nzRhG0nOLnyTjZYs8spsimBaaNmb3vwqvALKIplbYq/TF393vYiYSnh/Q==",
        "dependencies": {
          "BenchmarkDotNet.Annotations": "0.15.8",
          "CommandLineParser": "2.9.1",
          "Gee.External.Capstone": "2.3.0",
          "Iced": "1.21.0",
          "Microsoft.CodeAnalysis.CSharp": "4.14.0",
          "Microsoft.Diagnostics.Runtime": "3.1.512801",
          "Microsoft.Diagnostics.Tracing.TraceEvent": "3.1.21",
          "Microsoft.DotNet.PlatformAbstractions": "3.1.6",
          "Perfolizer": "[0.6.1]",
          "System.Management": "9.0.5"
        }
      },
      "Microsoft.CodeAnalysis.BannedApiAnalyzers": {
        "type": "Direct",
        "requested": "[5.6.0, )",
        "resolved": "5.6.0",
        "contentHash": "Kcobt3pnOdO0A+6CKiMHZdTEluJpsfxiV20axtZdmfBQnDmiWTKPJADlgAfdTuKNAnVarrkJa0UEGwuOo91muw=="
      },
      "Microsoft.NET.ILLink.Tasks": {
        "type": "Direct",
        "requested": "[11.0.0-rc.1.26425.128, )",
        "resolved": "11.0.0-rc.1.26425.128",
        "contentHash": "oMgihfjNcxZpR9B/O5Ke8Qmr8CJcpdzG4PnVYtA6Ja4g41NELxLRuiqqh5ys7w+ourEBNng2IIZnrlMJXfncmQ=="
      },
      "Microsoft.Sbom.Targets": {
        "type": "Direct",
        "requested": "[4.1.12, )",
        "resolved": "4.1.12",
        "contentHash": "LMQwnMxrQkZWXRKCE0KXfDJraAwRpVgldtGdLQrYBvKP46m5+Ugiudw36JJy3N6ZUBuFHFiSOkubZh3BDL7j6Q=="
      },
      "BenchmarkDotNet.Annotations": {
        "type": "Transitive",
        "resolved": "0.15.8",
        "contentHash": "hfucY0ycAsB0SsoaZcaAp9oq5wlWBJcylvEJb9pmvdYUx6PD6S4mDiYnZWjdjAlLhIpe/xtGCwzORfzAzPqvzA=="
      },
      "CommandLineParser": {
        "type": "Transitive",
        "resolved": "2.9.1",
        "contentHash": "OE0sl1/sQ37bjVsPKKtwQlWDgqaxWgtme3xZz7JssWUzg5JpMIyHgCTY9MVMxOg48fJ1AgGT3tgdH5m/kQ5xhA=="
      },
      "Gee.External.Capstone": {
        "type": "Transitive",
        "resolved": "2.3.0",
        "contentHash": "2ap/rYmjtzCOT8hxrnEW/QeiOt+paD8iRrIcdKX0cxVwWLFa1e+JDBNeECakmccXrSFeBQuu5AV8SNkipFMMMw=="
      },
      "Iced": {
        "type": "Transitive",
        "resolved": "1.21.0",
        "contentHash": "dv5+81Q1TBQvVMSOOOmRcjJmvWcX3BZPZsIq31+RLc5cNft0IHAyNlkdb7ZarOWG913PyBoFDsDXoCIlKmLclg=="
      },
      "Microsoft.CodeAnalysis.Analyzers": {
        "type": "Transitive",
        "resolved": "3.11.0",
        "contentHash": "v/EW3UE8/lbEYHoC2Qq7AR/DnmvpgdtAMndfQNmpuIMx/Mto8L5JnuCfdBYtgvalQOtfNCnxFejxuRrryvUTsg=="
      },
      "Microsoft.CodeAnalysis.Common": {
        "type": "Transitive",
        "resolved": "4.14.0",
        "contentHash": "PC3tuwZYnC+idaPuoC/AZpEdwrtX7qFpmnrfQkgobGIWiYmGi5MCRtl5mx6QrfMGQpK78X2lfIEoZDLg/qnuHg==",
        "dependencies": {
          "Microsoft.CodeAnalysis.Analyzers": "3.11.0"
        }
      },
      "Microsoft.CodeAnalysis.CSharp": {
        "type": "Transitive",
        "resolved": "4.14.0",
        "contentHash": "568a6wcTivauIhbeWcCwfWwIn7UV7MeHEBvFB2uzGIpM2OhJ4eM/FZ8KS0yhPoNxnSpjGzz7x7CIjTxhslojQA==",
        "dependencies": {
          "Microsoft.CodeAnalysis.Analyzers": "3.11.0",
          "Microsoft.CodeAnalysis.Common": "[4.14.0]"
        }
      },
      "Microsoft.Diagnostics.NETCore.Client": {
        "type": "Transitive",
        "resolved": "0.2.510501",
        "contentHash": "juoqJYMDs+lRrrZyOkXXMImJHneCF23cuvO4waFRd2Ds7j+ZuGIPbJm0Y/zz34BdeaGiiwGWraMUlln05W1PCQ==",
        "dependencies": {
          "Microsoft.Extensions.Logging": "6.0.0"
        }
      },
      "Microsoft.Diagnostics.Runtime": {
        "type": "Transitive",
        "resolved": "3.1.512801",
        "contentHash": "0lMUDr2oxNZa28D6NH5BuSQEe5T9tZziIkvkD44YkkCGQXPJqvFjLq5ZQq1hYLl3RjQJrY+hR0jFgap+EWPDTw==",
        "dependencies": {
          "Microsoft.Diagnostics.NETCore.Client": "0.2.410101"
        }
      },
      "Microsoft.Diagnostics.Tracing.TraceEvent": {
        "type": "Transitive",
        "resolved": "3.1.21",
        "contentHash": "/OrJFKaojSR6TkUKtwh8/qA9XWNtxLrXMqvEb89dBSKCWjaGVTbKMYodIUgF5deCEtmd6GXuRerciXGl5bhZ7Q==",
        "dependencies": {
          "Microsoft.Diagnostics.NETCore.Client": "0.2.510501"
        }
      },
      "Microsoft.DotNet.PlatformAbstractions": {
        "type": "Transitive",
        "resolved": "3.1.6",
        "contentHash": "jek4XYaQ/PGUwDKKhwR8K47Uh1189PFzMeLqO83mXrXQVIpARZCcfuDedH50YDTepBkfijCZN5U/vZi++erxtg=="
      },
      "Microsoft.Extensions.DependencyInjection": {
        "type": "Transitive",
        "resolved": "6.0.0",
        "contentHash": "k6PWQMuoBDGGHOQTtyois2u4AwyVcIwL2LaSLlTZQm2CYcJ1pxbt6jfAnpWmzENA/wfrYRI/X9DTLoUkE4AsLw=="
      },
      "Microsoft.Extensions.Logging": {
        "type": "Transitive",
        "resolved": "6.0.0",
        "contentHash": "eIbyj40QDg1NDz0HBW0S5f3wrLVnKWnDJ/JtZ+yJDFnDj90VoPuoPmFkeaXrtu+0cKm5GRAwoDf+dBWXK0TUdg==",
        "dependencies": {
          "Microsoft.Extensions.DependencyInjection": "6.0.0"
        }
      },
      "Perfolizer": {
        "type": "Transitive",
        "resolved": "0.6.1",
        "contentHash": "CR1QmWg4XYBd1Pb7WseP+sDmV8nGPwvmowKynExTqr3OuckIGVMhvmN4LC5PGzfXqDlR295+hz/T7syA1CxEqA==",
        "dependencies": {
          "Pragmastat": "3.2.4"
        }
      },
      "Pragmastat": {
        "type": "Transitive",
        "resolved": "3.2.4",
        "contentHash": "I5qFifWw/gaTQT52MhzjZpkm/JPlfjSeO/DTZJjO7+hTKI+0aGRgOgZ3NN6D96dDuuqbIAZSeA5RimtHjqrA2A=="
      },
      "System.CodeDom": {
        "type": "Transitive",
        "resolved": "9.0.5",
        "contentHash": "cuzLM2MWutf9ZBEMPYYfd0DXwYdvntp7VCT6a/wvbKCa2ZuvGmW74xi+YBa2mrfEieAXqM4TNKlMmSnfAfpUoQ=="
      },
      "System.Management": {
        "type": "Transitive",
        "resolved": "9.0.5",
        "contentHash": "n6o9PZm9p25+zAzC3/48K0oHnaPKTInRrxqFq1fi/5TPbMLjuoCm/h//mS3cUmSy+9AO1Z+qsC/Ilt/ZFatv5Q==",
        "dependencies": {
          "System.CodeDom": "9.0.5"
        }
      },
      "verifiable.core": {
        "type": "Project",
        "dependencies": {
          "Lumoin.Veridical.Backends.Managed": "[0.0.7, )",
          "Lumoin.Veridical.Bbs": "[0.0.7, )",
          "Lumoin.Veritas.JsonPointer": "[0.0.2-local.be47a9ff, )",
          "Verifiable.Foundation": "[0.0.0, )",
          "Verifiable.JCose": "[0.0.0, )"
        }
      },
      "verifiable.cryptography": {
        "type": "Project",
        "dependencies": {
          "Lumoin.Base": "[0.0.14, )",
          "Verifiable.Foundation": "[0.0.0, )"
        }
      },
      "verifiable.foundation": {
        "type": "Project",
        "dependencies": {
          "Lumoin.Base": "[0.0.14, )"
        }
      },
      "verifiable.jcose": {
        "type": "Project",
        "dependencies": {
          "Verifiable.Cryptography": "[0.0.0, )",
          "Verifiable.Foundation": "[0.0.0, )"
        }
      },
      "verifiable.xml": {
        "type": "Project",
        "dependencies": {
          "Verifiable.Foundation": "[0.0.0, )"
        }
      },
      "Lumoin.Base": {
        "type": "CentralTransitive",
        "requested": "[0.0.14, )",
        "resolved": "0.0.14",
        "contentHash": "r7OY0s3JyyZzm89TZrkCLKIWiRQBVvjV0ratDc6rJeciV7aNjBxvMU+oq19O+NFznPeBZBJ0yZjML4dHfvhK5w=="
      },
      "Lumoin.Veridical.Backends.Managed": {
        "type": "CentralTransitive",
        "requested": "[0.0.7, )",
        "resolved": "0.0.7",
        "contentHash": "LjoXcoqRM5oGwAp1/HjrjPJFssnlY8Q4rV92NA92xi0JBASMEUfGBh/Fx39dR7qVKxC06Y2MixHzNloT2pXQCA==",
        "dependencies": {
          "Lumoin.Base": "0.0.14",
          "Lumoin.Veridical.Core": "0.0.7",
          "Lumoin.Veridical.Hashing": "0.0.7"
        }
      },
      "Lumoin.Veridical.Bbs": {
        "type": "CentralTransitive",
        "requested": "[0.0.7, )",
        "resolved": "0.0.7",
        "contentHash": "sj02gFycTA/SqZrZwyhxGUSXvNk17eigUwHdDLB7kovN51p9fd6E/Ed/Bpo3EPCNGgM/85WXXOmfxka0sCFL9g==",
        "dependencies": {
          "Lumoin.Base": "0.0.14",
          "Lumoin.Veridical.Core": "0.0.7"
        }
      },
      "Lumoin.Veridical.Core": {
        "type": "CentralTransitive",
        "requested": "[0.0.7, )",
        "resolved": "0.0.7",
        "contentHash": "xr0DkNsid14A7jdbJ7Cn8qHXvGnWpGUoEMt0fFy2Yqqw8FeK9dlDJWTZTGxG0VgRfktWWPyOwkptVCTtPrkc7Q==",
        "dependencies": {
          "Lumoin.Base": "0.0.14"
        }
      },
      "Lumoin.Veridical.Hashing": {
        "type": "CentralTransitive",
        "requested": "[0.0.7, )",
        "resolved": "0.0.7",
        "contentHash": "40zNvxn4SOamlhNPAaiy26r0r7YyIu8C7jA6R6ugLrN08kCnmRB5aLiL5YaOmSzXIsspnUM3odpmaVwnDWAafg==",
        "dependencies": {
          "Lumoin.Base": "0.0.14",
          "Lumoin.Veridical.Core": "0.0.7"
        }
      },
      "Lumoin.Veritas.JsonPointer": {
        "type": "CentralTransitive",
        "requested": "[0.0.2-local.be47a9ff, )",
        "resolved": "0.0.2-local.be47a9ff",
        "contentHash": "HECRatfPq8USqLLNTN01AAhrIcvKsScXSDHnZ9fNpP+X4UVzcnx00MYmqw8QMmXjU21oFuSirl/TJXG0wzicFA==",
        "dependencies": {
          "Lumoin.Base": "0.0.12"
        }
      }
    }
  }
}