{
  "version": 1,
  "dependencies": {
    ".NETCoreApp,Version=v5.0": {
      "Microsoft.TSS": {
        "type": "Direct",
        "requested": "[2.1.1, )",
        "resolved": "2.1.1",
        "contentHash": "87DBN+4ANSFO8TDRmFjjTBl6PL7tmrfofmxki4LUnE34gOdyQiBfJK/X1QSu0UfCGUtpoBVv/tD985s4FDpKiA=="
      }
    }
  }
}