{
  "version": 2,
  "dependencies": {
    "net11.0": {
      "Lumoin.Base": {
        "type": "Direct",
        "requested": "[0.0.14, )",
        "resolved": "0.0.14",
        "contentHash": "r7OY0s3JyyZzm89TZrkCLKIWiRQBVvjV0ratDc6rJeciV7aNjBxvMU+oq19O+NFznPeBZBJ0yZjML4dHfvhK5w=="
      },
      "Microsoft.CodeAnalysis.BannedApiAnalyzers": {
        "type": "Direct",
        "requested": "[5.6.0, )",
        "resolved": "5.6.0",
        "contentHash": "Kcobt3pnOdO0A+6CKiMHZdTEluJpsfxiV20axtZdmfBQnDmiWTKPJADlgAfdTuKNAnVarrkJa0UEGwuOo91muw=="
      },
      "Microsoft.NET.ILLink.Tasks": {
        "type": "Direct",
        "requested": "[11.0.0-rc.1.26425.128, )",
        "resolved": "11.0.0-rc.1.26425.128",
        "contentHash": "oMgihfjNcxZpR9B/O5Ke8Qmr8CJcpdzG4PnVYtA6Ja4g41NELxLRuiqqh5ys7w+ourEBNng2IIZnrlMJXfncmQ=="
      },
      "Microsoft.Sbom.Targets": {
        "type": "Direct",
        "requested": "[4.1.12, )",
        "resolved": "4.1.12",
        "contentHash": "LMQwnMxrQkZWXRKCE0KXfDJraAwRpVgldtGdLQrYBvKP46m5+Ugiudw36JJy3N6ZUBuFHFiSOkubZh3BDL7j6Q=="
      },
      "verifiable.core": {
        "type": "Project",
        "dependencies": {
          "Lumoin.Veridical.Backends.Managed": "[0.0.7, )",
          "Lumoin.Veridical.Bbs": "[0.0.7, )",
          "Lumoin.Veritas.JsonPointer": "[0.0.2-local.be47a9ff, )",
          "Verifiable.Foundation": "[0.0.0, )",
          "Verifiable.JCose": "[0.0.0, )"
        }
      },
      "verifiable.cryptography": {
        "type": "Project",
        "dependencies": {
          "Lumoin.Base": "[0.0.14, )",
          "Verifiable.Foundation": "[0.0.0, )"
        }
      },
      "verifiable.foundation": {
        "type": "Project",
        "dependencies": {
          "Lumoin.Base": "[0.0.14, )"
        }
      },
      "verifiable.jcose": {
        "type": "Project",
        "dependencies": {
          "Verifiable.Cryptography": "[0.0.0, )",
          "Verifiable.Foundation": "[0.0.0, )"
        }
      },
      "Lumoin.Veridical.Backends.Managed": {
        "type": "CentralTransitive",
        "requested": "[0.0.7, )",
        "resolved": "0.0.7",
        "contentHash": "LjoXcoqRM5oGwAp1/HjrjPJFssnlY8Q4rV92NA92xi0JBASMEUfGBh/Fx39dR7qVKxC06Y2MixHzNloT2pXQCA==",
        "dependencies": {
          "Lumoin.Base": "0.0.14",
          "Lumoin.Veridical.Core": "0.0.7",
          "Lumoin.Veridical.Hashing": "0.0.7"
        }
      },
      "Lumoin.Veridical.Bbs": {
        "type": "CentralTransitive",
        "requested": "[0.0.7, )",
        "resolved": "0.0.7",
        "contentHash": "sj02gFycTA/SqZrZwyhxGUSXvNk17eigUwHdDLB7kovN51p9fd6E/Ed/Bpo3EPCNGgM/85WXXOmfxka0sCFL9g==",
        "dependencies": {
          "Lumoin.Base": "0.0.14",
          "Lumoin.Veridical.Core": "0.0.7"
        }
      },
      "Lumoin.Veridical.Core": {
        "type": "CentralTransitive",
        "requested": "[0.0.7, )",
        "resolved": "0.0.7",
        "contentHash": "xr0DkNsid14A7jdbJ7Cn8qHXvGnWpGUoEMt0fFy2Yqqw8FeK9dlDJWTZTGxG0VgRfktWWPyOwkptVCTtPrkc7Q==",
        "dependencies": {
          "Lumoin.Base": "0.0.14"
        }
      },
      "Lumoin.Veridical.Hashing": {
        "type": "CentralTransitive",
        "requested": "[0.0.7, )",
        "resolved": "0.0.7",
        "contentHash": "40zNvxn4SOamlhNPAaiy26r0r7YyIu8C7jA6R6ugLrN08kCnmRB5aLiL5YaOmSzXIsspnUM3odpmaVwnDWAafg==",
        "dependencies": {
          "Lumoin.Base": "0.0.14",
          "Lumoin.Veridical.Core": "0.0.7"
        }
      },
      "Lumoin.Veritas.JsonPointer": {
        "type": "CentralTransitive",
        "requested": "[0.0.2-local.be47a9ff, )",
        "resolved": "0.0.2-local.be47a9ff",
        "contentHash": "HECRatfPq8USqLLNTN01AAhrIcvKsScXSDHnZ9fNpP+X4UVzcnx00MYmqw8QMmXjU21oFuSirl/TJXG0wzicFA==",
        "dependencies": {
          "Lumoin.Base": "0.0.12"
        }
      }
    }
  }
}